
Microsoft Visual Studio Solution File, Format Version 12.00
# Visual Studio Version 17
VisualStudioVersion = 17.5.33627.172
MinimumVisualStudioVersion = 10.0.40219.1
Project("{2150E333-8FDC-42A3-9474-1A3956D46DE8}") = "BACK", "BACK", "{9A88ACE1-E08A-4650-93AD-A84642F274BB}"
EndProject
Project("{2150E333-8FDC-42A3-9474-1A3956D46DE8}") = "SPR", "SPR", "{FEBCC389-15E9-45D8-894D-D105A725441A}"
	ProjectSection(SolutionItems) = preProject
		..\..\BS Shared Form\SOURCE\SERVICES\Lookup_LMSERVICES\PublicLookupLMGetRecordController.cs = ..\..\BS Shared Form\SOURCE\SERVICES\Lookup_LMSERVICES\PublicLookupLMGetRecordController.cs
	EndProjectSection
EndProject
Project("{2150E333-8FDC-42A3-9474-1A3956D46DE8}") = "COMMON", "COMMON", "{FA3B4DBA-EFD5-431A-B5F8-074975E4D91B}"
EndProject
Project("{2150E333-8FDC-42A3-9474-1A3956D46DE8}") = "SERVICE", "SERVICE", "{3F304EDC-E2D8-4A01-B168-01114FDF0335}"
EndProject
Project("{2150E333-8FDC-42A3-9474-1A3956D46DE8}") = "API", "API", "{C3EAE219-7C8B-4C0B-B9AA-C36E59A59874}"
EndProject
Project("{9A19103F-16F7-4668-BE54-9A1E7A4F7556}") = "BIMASAKTI_GS_API", "API\GS\BIMASAKTI_GS_API\BIMASAKTI_GS_API.csproj", "{B39B82B8-79EA-4E46-A0E6-773A908ED7E1}"
EndProject
Project("{9A19103F-16F7-4668-BE54-9A1E7A4F7556}") = "GSM06500Common", "COMMON\GS\GSM06500Common\GSM06500Common.csproj", "{D24DFCCC-9F27-45A9-A13E-76868AD37CC3}"
EndProject
Project("{2150E333-8FDC-42A3-9474-1A3956D46DE8}") = "GSM06500", "GSM06500", "{940E308B-6B9F-458A-941C-23C9F05D7470}"
EndProject
Project("{9A19103F-16F7-4668-BE54-9A1E7A4F7556}") = "GSM06500Service", "SERVICE\GS\GSM06500Service\GSM06500Service.csproj", "{F4E5AC81-5B57-4FA9-A068-918384E4FAA9}"
EndProject
Project("{9A19103F-16F7-4668-BE54-9A1E7A4F7556}") = "RSP_GS_MAINTAIN_PAYMENT_TERMResources", "BACK\GS\GS_SPR\RSP_GS_MAINTAIN_PAYMENT_TERMResources\RSP_GS_MAINTAIN_PAYMENT_TERMResources.csproj", "{346EA8DB-B047-4F1C-ADE4-61FEB07CF09E}"
EndProject
Project("{9A19103F-16F7-4668-BE54-9A1E7A4F7556}") = "GSM06500Back", "BACK\GS\GSM06500BACK\GSM06500Back.csproj", "{F3A67679-1DE4-4F09-9937-ADD5278DF649}"
EndProject
Project("{2150E333-8FDC-42A3-9474-1A3956D46DE8}") = "GS", "GS", "{70D8C683-F9A5-40DF-8DD5-C4195B6B7399}"
EndProject
Project("{2150E333-8FDC-42A3-9474-1A3956D46DE8}") = "Template", "Template", "{3D186F03-FC37-4E73-BA75-80CAEC161E90}"
EndProject
Project("{2150E333-8FDC-42A3-9474-1A3956D46DE8}") = "GL", "GL", "{C56C651D-52EC-4DE8-BF2D-5412DC76E6F7}"
EndProject
Project("{9A19103F-16F7-4668-BE54-9A1E7A4F7556}") = "GST00500Common", "COMMON\GS\GST00500COMMON\GST00500Common.csproj", "{5BCD343A-CA3E-421F-A684-F6CC9E418432}"
EndProject
Project("{9A19103F-16F7-4668-BE54-9A1E7A4F7556}") = "GLB00200Common", "COMMON\GL\GLB00200COMMON\GLB00200Common.csproj", "{6AC357DF-DFAE-4908-8159-E1D37B0F84E1}"
EndProject
Project("{9A19103F-16F7-4668-BE54-9A1E7A4F7556}") = "GLR00300Common", "COMMON\GL\GLR00300COMMON\GLR00300Common.csproj", "{572A539C-5F0A-4D66-B69A-B26AC43446A0}"
EndProject
Project("{9A19103F-16F7-4668-BE54-9A1E7A4F7556}") = "BIMASAKTI_GL_API", "API\GL\BIMASAKTI_GL_API\BIMASAKTI_GL_API.csproj", "{C90D2723-A55E-4730-93CE-E58A410598CB}"
EndProject
Project("{2150E333-8FDC-42A3-9474-1A3956D46DE8}") = "GS", "GS", "{3D96554B-7E73-4CD9-843D-9F46D994995B}"
EndProject
Project("{2150E333-8FDC-42A3-9474-1A3956D46DE8}") = "GSM04500", "GSM04500", "{06501884-8A36-46F1-B1AC-A5498429A42C}"
EndProject
Project("{9A19103F-16F7-4668-BE54-9A1E7A4F7556}") = "GSM04500Back", "BACK\GS\GSM04500BACK\GSM04500Back.csproj", "{8A8B1219-15F8-4FD4-9E91-F0A9388CB3A7}"
EndProject
Project("{2150E333-8FDC-42A3-9474-1A3956D46DE8}") = "GST00500", "GST00500", "{C149BEAF-07BF-4E4C-8D83-92FA0CFA7FA3}"
EndProject
Project("{9A19103F-16F7-4668-BE54-9A1E7A4F7556}") = "GST00500Back", "BACK\GS\GST00500BACK\GST00500Back.csproj", "{574BEF69-BC4A-41FB-B26B-629B80A833B6}"
EndProject
Project("{2150E333-8FDC-42A3-9474-1A3956D46DE8}") = "GL", "GL", "{F9166681-3D72-488E-B12B-A1ABD9BD3F64}"
EndProject
Project("{9A19103F-16F7-4668-BE54-9A1E7A4F7556}") = "GLB00200Back", "BACK\GL\GLB00200BACK\GLB00200Back.csproj", "{276BE20E-9EA6-452D-9681-B4D81BFA2639}"
EndProject
Project("{9A19103F-16F7-4668-BE54-9A1E7A4F7556}") = "GLR00300Back", "BACK\GL\GLR00300BACK\GLR00300Back.csproj", "{2A73AD41-CFFE-49C4-AE11-D9BCC99720DB}"
EndProject
Project("{9A19103F-16F7-4668-BE54-9A1E7A4F7556}") = "RSP_GS_MAINTAIN_JOURNAL_GROUPResources", "BACK\GS\GS_SPR\RSP_GS_MAINTAIN_JOURNAL_GROUPResources\RSP_GS_MAINTAIN_JOURNAL_GROUPResources.csproj", "{4ABFAC0E-ACA3-47D4-89CE-30E23517E53A}"
EndProject
Project("{9A19103F-16F7-4668-BE54-9A1E7A4F7556}") = "RSP_GS_MAINTAIN_JOURNAL_GROUP_ACCOUNT_DEPTResources", "BACK\GS\GS_SPR\RSP_GS_MAINTAIN_JOURNAL_GROUP_ACCOUNT_DEPTResources\RSP_GS_MAINTAIN_JOURNAL_GROUP_ACCOUNT_DEPTResources.csproj", "{7ED108FB-BC0A-46EF-97CA-752424566149}"
EndProject
Project("{9A19103F-16F7-4668-BE54-9A1E7A4F7556}") = "RSP_GS_UPLOAD_JOURNAL_GROUPResources", "BACK\GS\GS_SPR\RSP_GS_UPLOAD_JOURNAL_GROUPResources\RSP_GS_UPLOAD_JOURNAL_GROUPResources.csproj", "{E215F208-6338-4322-A5B9-E24EE7FC20F8}"
EndProject
Project("{9A19103F-16F7-4668-BE54-9A1E7A4F7556}") = "RSP_GS_MAINTAIN_APPROVALResources", "BACK\GS\GS_SPR\RSP_GS_MAINTAIN_APPROVALResources\RSP_GS_MAINTAIN_APPROVALResources.csproj", "{622CE258-3670-4A9F-B9F3-E852A1B35E61}"
EndProject
Project("{2150E333-8FDC-42A3-9474-1A3956D46DE8}") = "GLB00200", "GLB00200", "{3C70F0A5-9351-4CDB-A528-6298ABF311E1}"
EndProject
Project("{2150E333-8FDC-42A3-9474-1A3956D46DE8}") = "GLR00300", "GLR00300", "{9032A52D-1BA4-41CD-9C37-00796A723861}"
EndProject
Project("{9A19103F-16F7-4668-BE54-9A1E7A4F7556}") = "RSP_GL_PROCESS_REVERSING_JRNResources", "BACK\GL\GL_SPR\RSP_GL_PROCESS_REVERSING_JRNResources\RSP_GL_PROCESS_REVERSING_JRNResources.csproj", "{101F4E47-EE5B-4BEC-BFAD-13745CBF82BB}"
EndProject
Project("{2150E333-8FDC-42A3-9474-1A3956D46DE8}") = "GS", "GS", "{9D7CBF9D-B62B-4982-A9C7-C5E5D8FCBC6E}"
EndProject
Project("{2150E333-8FDC-42A3-9474-1A3956D46DE8}") = "GL", "GL", "{6D65B6DF-7FD5-480E-9797-81360439C4EA}"
EndProject
Project("{9A19103F-16F7-4668-BE54-9A1E7A4F7556}") = "GLB00200Service", "SERVICE\GL\GLB00200SERVICE\GLB00200Service.csproj", "{5035F9C7-5D86-4212-A8F4-5C068134694B}"
EndProject
Project("{9A19103F-16F7-4668-BE54-9A1E7A4F7556}") = "GLR00300Service", "SERVICE\GL\GLR00300SERVICE\GLR00300Service.csproj", "{97DD1E82-58B4-46E1-A83B-0CA81EABB8FE}"
EndProject
Project("{9A19103F-16F7-4668-BE54-9A1E7A4F7556}") = "GSM04500Service", "SERVICE\GS\GSM04500SERVICE\GSM04500Service.csproj", "{E6F99559-D9A3-4C2F-A06A-2DDF382C51E9}"
EndProject
Project("{9A19103F-16F7-4668-BE54-9A1E7A4F7556}") = "GST00500Service", "SERVICE\GS\GST00500SERVICE\GST00500Service.csproj", "{24F377CC-02DC-4956-8E7C-A70B78EB1F87}"
EndProject
Project("{2150E333-8FDC-42A3-9474-1A3956D46DE8}") = "VLOOKUP", "VLOOKUP", "{03E5D0FA-9689-4F04-A13D-290C880FD7D3}"
EndProject
Project("{9A19103F-16F7-4668-BE54-9A1E7A4F7556}") = "GFF00900COMMON", "..\..\BS Shared Form\SOURCE\BACK\GFF00900COMMON\GFF00900COMMON.csproj", "{E617E5F6-742C-4A66-9E35-C3FE91040FBB}"
EndProject
Project("{9A19103F-16F7-4668-BE54-9A1E7A4F7556}") = "Lookup_GSCOMMON", "..\..\BS Shared Form\SOURCE\BACK\Lookup_GSCOMMON\Lookup_GSCOMMON.csproj", "{576422D7-5075-4F6B-ABE6-0E16D8F16233}"
EndProject
Project("{2150E333-8FDC-42A3-9474-1A3956D46DE8}") = "GFF", "GFF", "{EE3BCDCF-A2CA-452D-8606-D97C2992C66F}"
EndProject
Project("{2150E333-8FDC-42A3-9474-1A3956D46DE8}") = "GFF", "GFF", "{80B90380-A55D-438B-B6BF-FCDF5C529D3B}"
EndProject
Project("{9A19103F-16F7-4668-BE54-9A1E7A4F7556}") = "GFF00900BACK", "..\..\BS Shared Form\SOURCE\BACK\GFF00900BACK\GFF00900BACK.csproj", "{BDE22BB4-BAFF-4ADD-87FC-7FA0BADA31EA}"
EndProject
Project("{2150E333-8FDC-42A3-9474-1A3956D46DE8}") = "VLOOKUP", "VLOOKUP", "{80CFA080-2AED-4B7F-B122-FC3F64648B56}"
EndProject
Project("{9A19103F-16F7-4668-BE54-9A1E7A4F7556}") = "Lookup_GSBACK", "..\..\BS Shared Form\SOURCE\BACK\Lookup_GSBACK\Lookup_GSBACK.csproj", "{5D81619A-83D9-43A0-9AED-C87110A4EFA6}"
EndProject
Project("{2150E333-8FDC-42A3-9474-1A3956D46DE8}") = "GFF", "GFF", "{DA018186-5891-4DEE-B0D0-24906007B78B}"
EndProject
Project("{2150E333-8FDC-42A3-9474-1A3956D46DE8}") = "VLOOKUP", "VLOOKUP", "{AFA7B6D4-7EF2-493C-9A5A-27334F593269}"
EndProject
Project("{9A19103F-16F7-4668-BE54-9A1E7A4F7556}") = "GFF00900SERVICES", "..\..\BS Shared Form\SOURCE\SERVICES\GFF00900SERVICES\GFF00900SERVICES.csproj", "{E29A9A40-8893-4199-8661-631AB5917C8E}"
EndProject
Project("{9A19103F-16F7-4668-BE54-9A1E7A4F7556}") = "Lookup_GSSERVICES", "..\..\BS Shared Form\SOURCE\SERVICES\Lookup_GSSERVICES\Lookup_GSSERVICES.csproj", "{2A5DBF3B-8041-45AA-998E-12C36201C436}"
EndProject
Project("{2150E333-8FDC-42A3-9474-1A3956D46DE8}") = "GFF", "GFF", "{134BDBC1-78AD-4F3C-9FCD-6A43FD41714D}"
EndProject
Project("{9A19103F-16F7-4668-BE54-9A1E7A4F7556}") = "RSP_ACTIVITY_VALIDITYResources", "BACK\GS\GS_SPR\RSP_ACTIVITY_VALIDITYResources\RSP_ACTIVITY_VALIDITYResources.csproj", "{BA75D2BD-D27E-4D49-A30F-972D048DF510}"
EndProject
Project("{9A19103F-16F7-4668-BE54-9A1E7A4F7556}") = "GSM02000Common", "COMMON\GS\GSM02000COMMON\GSM02000Common.csproj", "{D9CADDAB-7D96-4429-B177-546C5C29CDB0}"
EndProject
Project("{2150E333-8FDC-42A3-9474-1A3956D46DE8}") = "RSP Resources", "RSP Resources", "{B1070B92-02F2-4C2C-860F-EEE64C79B46D}"
EndProject
Project("{9A19103F-16F7-4668-BE54-9A1E7A4F7556}") = "RSP_GL_ADD_ALLOCATION_ACCOUNT_LISTResources", "BACK\GL\GL_SPR\RSP_GL_ADD_ALLOCATION_ACCOUNT_LISTResources\RSP_GL_ADD_ALLOCATION_ACCOUNT_LISTResources.csproj", "{7FE7A5AD-2B26-422B-A5C1-DC6966F70391}"
EndProject
Project("{9A19103F-16F7-4668-BE54-9A1E7A4F7556}") = "RSP_GL_ADD_ALLOCATION_CENTER_LISTResources", "BACK\GL\GL_SPR\RSP_GL_ADD_ALLOCATION_CENTER_LISTResources\RSP_GL_ADD_ALLOCATION_CENTER_LISTResources.csproj", "{2B006D6B-CE53-4042-A91D-DC1992BD8D57}"
EndProject
Project("{9A19103F-16F7-4668-BE54-9A1E7A4F7556}") = "RSP_GL_CLOSE_PERIODResources", "BACK\GL\GL_SPR\RSP_GL_CLOSE_PERIODResources\RSP_GL_CLOSE_PERIODResources.csproj", "{4CAD722C-38BC-40EC-9BB8-CC3D24B2523E}"
EndProject
Project("{9A19103F-16F7-4668-BE54-9A1E7A4F7556}") = "RSP_GL_CLOSING_ENTRIESResources", "BACK\GL\GL_SPR\RSP_GL_CLOSING_ENTRIESResources\RSP_GL_CLOSING_ENTRIESResources.csproj", "{CC0F702F-C07B-45CE-930B-DCE56EA69084}"
EndProject
Project("{9A19103F-16F7-4668-BE54-9A1E7A4F7556}") = "RSP_GL_DELETE_ALLOCATION_ACCOUNT_LISTResources", "BACK\GL\GL_SPR\RSP_GL_DELETE_ALLOCATION_ACCOUNT_LISTResources\RSP_GL_DELETE_ALLOCATION_ACCOUNT_LISTResources.csproj", "{0F152334-0C44-49BC-9F5C-D938DED20DF8}"
EndProject
Project("{9A19103F-16F7-4668-BE54-9A1E7A4F7556}") = "RSP_GL_DELETE_ALLOCATION_CENTER_LISTResources", "BACK\GL\GL_SPR\RSP_GL_DELETE_ALLOCATION_CENTER_LISTResources\RSP_GL_DELETE_ALLOCATION_CENTER_LISTResources.csproj", "{59865951-A7E6-4095-8F57-02A86BD4114C}"
EndProject
Project("{9A19103F-16F7-4668-BE54-9A1E7A4F7556}") = "RSP_GL_DELETE_ALLOCATION_HDResources", "BACK\GL\GL_SPR\RSP_GL_DELETE_ALLOCATION_HDResources\RSP_GL_DELETE_ALLOCATION_HDResources.csproj", "{8B598554-CF1C-4AE5-B882-02AC12A8C8D3}"
EndProject
Project("{9A19103F-16F7-4668-BE54-9A1E7A4F7556}") = "RSP_GL_DELETE_BUDGET_DTResources", "BACK\GL\GL_SPR\RSP_GL_DELETE_BUDGET_DTResources\RSP_GL_DELETE_BUDGET_DTResources.csproj", "{F20AB89F-55A5-465E-B405-4F653A84E129}"
EndProject
Project("{9A19103F-16F7-4668-BE54-9A1E7A4F7556}") = "RSP_GL_DELETE_BUDGET_WEIGHTINGResources", "BACK\GL\GL_SPR\RSP_GL_DELETE_BUDGET_WEIGHTINGResources\RSP_GL_DELETE_BUDGET_WEIGHTINGResources.csproj", "{0846D0FE-8544-463B-A1C1-595C2C20A61D}"
EndProject
Project("{9A19103F-16F7-4668-BE54-9A1E7A4F7556}") = "RSP_GL_DELETE_BUDGETResources", "BACK\GL\GL_SPR\RSP_GL_DELETE_BUDGETResources\RSP_GL_DELETE_BUDGETResources.csproj", "{6424FB0C-8BA0-438F-9BA1-C174E7CBD146}"
EndProject
Project("{9A19103F-16F7-4668-BE54-9A1E7A4F7556}") = "RSP_GL_FINALIZE_BUDGETResources", "BACK\GL\GL_SPR\RSP_GL_FINALIZE_BUDGETResources\RSP_GL_FINALIZE_BUDGETResources.csproj", "{60B2D306-3069-45DA-AE1F-2D654C3D0D5F}"
EndProject
Project("{9A19103F-16F7-4668-BE54-9A1E7A4F7556}") = "RSP_GL_IMPORT_JOURNALResources", "BACK\GL\GL_SPR\RSP_GL_IMPORT_JOURNALResources\RSP_GL_IMPORT_JOURNALResources.csproj", "{FB042379-A158-4F00-B016-A0B71E296857}"
EndProject
Project("{9A19103F-16F7-4668-BE54-9A1E7A4F7556}") = "RSP_GL_PROCESS_ALLOCATION_JRNResources", "BACK\GL\GL_SPR\RSP_GL_PROCESS_ALLOCATION_JRNResources\RSP_GL_PROCESS_ALLOCATION_JRNResources.csproj", "{F15A94D6-35E1-4A11-8CDF-010F871942F9}"
EndProject
Project("{9A19103F-16F7-4668-BE54-9A1E7A4F7556}") = "RSP_GL_SAVE_BUDGET_WEIGHTINGResources", "BACK\GL\GL_SPR\RSP_GL_SAVE_BUDGET_WEIGHTINGResources\RSP_GL_SAVE_BUDGET_WEIGHTINGResources.csproj", "{9D22E302-4E44-4300-B48B-4A234DD7D74C}"
EndProject
Project("{9A19103F-16F7-4668-BE54-9A1E7A4F7556}") = "RSP_GL_SAVE_BUDGET_UPLOADResources", "BACK\GL\GL_SPR\RSP_GL_SAVE_BUDGET_UPLOADResources\RSP_GL_SAVE_BUDGET_UPLOADResources.csproj", "{29E57D62-20F8-44AA-964A-8CB2D8BE98D7}"
EndProject
Project("{9A19103F-16F7-4668-BE54-9A1E7A4F7556}") = "RSP_GL_SAVE_BUDGET_HDResources", "BACK\GL\GL_SPR\RSP_GL_SAVE_BUDGET_HDResources\RSP_GL_SAVE_BUDGET_HDResources.csproj", "{DCE1F779-1E78-4CC6-B308-8A5FD5004770}"
EndProject
Project("{9A19103F-16F7-4668-BE54-9A1E7A4F7556}") = "RSP_GL_PROCESS_BUDGET_UPLOADResources", "BACK\GL\GL_SPR\RSP_GL_PROCESS_BUDGET_UPLOADResources\RSP_GL_PROCESS_BUDGET_UPLOADResources.csproj", "{D32B5306-1217-48A8-B3DB-26347B49D764}"
EndProject
Project("{9A19103F-16F7-4668-BE54-9A1E7A4F7556}") = "RSP_GL_SAVE_BUDGET_DTResources", "BACK\GL\GL_SPR\RSP_GL_SAVE_BUDGET_DTResources\RSP_GL_SAVE_BUDGET_DTResources.csproj", "{E1582AE3-A844-48B8-A372-6F1AC1EB5675}"
EndProject
Project("{9A19103F-16F7-4668-BE54-9A1E7A4F7556}") = "GSM04500Common", "COMMON\GS\GSM04500COMMON\GSM04500Common.csproj", "{6B0D4769-32D5-4485-A52C-67485117B98F}"
EndProject
Project("{9A19103F-16F7-4668-BE54-9A1E7A4F7556}") = "GSM05000Common", "COMMON\GS\GSM05000COMMON\GSM05000Common.csproj", "{4B6C3B6E-0382-4810-BD20-AE0B72232A33}"
EndProject
Project("{9A19103F-16F7-4668-BE54-9A1E7A4F7556}") = "GLM00500Common", "COMMON\GL\GLM00500COMMON\GLM00500Common.csproj", "{87F8B0BA-3A48-4442-BE24-FA2CA9D7D8A6}"
EndProject
Project("{9A19103F-16F7-4668-BE54-9A1E7A4F7556}") = "BIMASAKTI_AP_API", "API\AP\BIMASAKTI_AP_API\BIMASAKTI_AP_API.csproj", "{40E09609-0E9C-434C-925D-F5EC067A6671}"
EndProject
Project("{9A19103F-16F7-4668-BE54-9A1E7A4F7556}") = "BIMASAKTI_PM_API", "API\PM\BIMASAKTI_PM_API\BIMASAKTI_PM_API.csproj", "{4AFE2538-9369-423C-8D0D-F425B0EB066D}"
EndProject
Project("{2150E333-8FDC-42A3-9474-1A3956D46DE8}") = "PM", "PM", "{87F04A8B-494E-48FF-B82D-6B49B9429561}"
EndProject
Project("{9A19103F-16F7-4668-BE54-9A1E7A4F7556}") = "Lookup_PMCOMMON", "..\..\BS Shared Form\SOURCE\BACK\Lookup_LMCOMMON\Lookup_PMCOMMON.csproj", "{AC13E2F0-9BFB-4338-A637-0BC97BABB994}"
EndProject
Project("{2150E333-8FDC-42A3-9474-1A3956D46DE8}") = "AP", "AP", "{958181D5-6B06-4FBF-91B7-3CD308159362}"
EndProject
Project("{9A19103F-16F7-4668-BE54-9A1E7A4F7556}") = "PMM06000COMMON", "COMMON\LM\LMM06000COMMON\PMM06000COMMON.csproj", "{C2ABF395-364D-4C35-9BE5-58E1E1C2FDAE}"
EndProject
Project("{2150E333-8FDC-42A3-9474-1A3956D46DE8}") = "PM", "PM", "{C2D4FD19-7B44-416A-9421-EEA6D4BF752E}"
EndProject
Project("{9A19103F-16F7-4668-BE54-9A1E7A4F7556}") = "PMT05500Back", "BACK\LM\LMT05500BACK\PMT05500Back.csproj", "{AC556149-7182-477B-8450-E235A71687CA}"
EndProject
Project("{9A19103F-16F7-4668-BE54-9A1E7A4F7556}") = "PMM06000Back", "BACK\LM\LMM06000BACK\PMM06000Back.csproj", "{24170EBE-E6CD-46FE-9D1A-F39803CFC334}"
EndProject
Project("{9A19103F-16F7-4668-BE54-9A1E7A4F7556}") = "Lookup_PMBACK", "..\..\BS Shared Form\SOURCE\BACK\Lookup_LMBACK\Lookup_PMBACK.csproj", "{A4334645-993E-4395-81EF-7EA5C55A99B7}"
EndProject
Project("{2150E333-8FDC-42A3-9474-1A3956D46DE8}") = "RSP Resources", "RSP Resources", "{1500112C-1D18-4FA4-8152-D1BC2D665C24}"
EndProject
Project("{9A19103F-16F7-4668-BE54-9A1E7A4F7556}") = "RSP_LM_MAINTAIN_UNIT_TYPE_BILLING_RULEResources", "BACK\LM\LM_SPR\RSP_LM_MAINTAIN_UNIT_TYPE_BILLING_RULEResources\RSP_LM_MAINTAIN_UNIT_TYPE_BILLING_RULEResources.csproj", "{C2DD07C1-0084-4DA2-B5A7-B9CC90CFEFF8}"
EndProject
Project("{2150E333-8FDC-42A3-9474-1A3956D46DE8}") = "PM", "PM", "{02CCCF0D-9ED0-4A02-AF3F-A7371FEBBA08}"
EndProject
Project("{9A19103F-16F7-4668-BE54-9A1E7A4F7556}") = "PMT05500SERVICE", "SERVICE\LM\LMT05500SERVICE\PMT05500SERVICE.csproj", "{F6113C10-2A24-461D-9E3F-509B6637B795}"
EndProject
Project("{9A19103F-16F7-4668-BE54-9A1E7A4F7556}") = "PMM06000SERVICE", "SERVICE\LM\PMM06000SERVICE\PMM06000SERVICE.csproj", "{93F48DAB-DE83-4F08-93F7-8275528DA132}"
EndProject
Project("{9A19103F-16F7-4668-BE54-9A1E7A4F7556}") = "Lookup_PMSERVICES", "..\..\BS Shared Form\SOURCE\SERVICES\Lookup_LMSERVICES\Lookup_PMSERVICES.csproj", "{45683B1A-51F9-4DB2-8C8F-F34B5C30D40E}"
EndProject
Project("{9A19103F-16F7-4668-BE54-9A1E7A4F7556}") = "GLT00100COMMON", "COMMON\GL\GLT00100COMMON\GLT00100COMMON.csproj", "{5CD39E23-751A-4730-96B2-01896D7DB825}"
EndProject
Project("{2150E333-8FDC-42A3-9474-1A3956D46DE8}") = "GLT00100", "GLT00100", "{48A14154-D590-42F7-958C-076C964220CE}"
EndProject
Project("{9A19103F-16F7-4668-BE54-9A1E7A4F7556}") = "RSP_GL_SAVE_JOURNALResources", "BACK\GL\GL_SPR\RSP_GL_SAVE_JOURNALResources\RSP_GL_SAVE_JOURNALResources.csproj", "{0B07E5AF-0017-4AD8-9988-1683E2CF3416}"
EndProject
Project("{9A19103F-16F7-4668-BE54-9A1E7A4F7556}") = "RSP_GL_UPDATE_JOURNAL_STATUSResources", "BACK\GL\GL_SPR\RSP_GL_UPDATE_JOURNAL_STATUSResources\RSP_GL_UPDATE_JOURNAL_STATUSResources.csproj", "{98EC297D-A1C2-4A0D-81EC-6F121B35262F}"
EndProject
Project("{9A19103F-16F7-4668-BE54-9A1E7A4F7556}") = "BIMASAKTI_CB_API", "API\CB\BIMASAKTI_CB_API\BIMASAKTI_CB_API.csproj", "{C2EE1C30-35F4-4298-8ABF-13F079627BCD}"
EndProject
Project("{2150E333-8FDC-42A3-9474-1A3956D46DE8}") = "CB", "CB", "{AE4F7E37-2B06-4767-9B2A-E8645F526F19}"
EndProject
Project("{2150E333-8FDC-42A3-9474-1A3956D46DE8}") = "CB", "CB", "{160ED0DD-FEBA-4684-B4DC-1722B62E5898}"
EndProject
Project("{2150E333-8FDC-42A3-9474-1A3956D46DE8}") = "CBT02300", "CBT02300", "{EF09F87B-BBC0-4AFF-956E-39BF548245E9}"
EndProject
Project("{9A19103F-16F7-4668-BE54-9A1E7A4F7556}") = "CBT02300BACK", "BACK\CB\CBT02300BACK\CBT02300BACK.csproj", "{9B8ECD27-1D8A-46A5-BEA3-ED077D6FC77E}"
EndProject
Project("{9A19103F-16F7-4668-BE54-9A1E7A4F7556}") = "CBT02300COMMON", "COMMON\CB\CBT02300COMMON\CBT02300COMMON.csproj", "{DC049F76-BDB5-4E0C-9137-4A4C21E79A8A}"
EndProject
Project("{2150E333-8FDC-42A3-9474-1A3956D46DE8}") = "CB", "CB", "{C8E23D4B-EE5B-4FF5-9934-CDDEA24D584A}"
EndProject
Project("{9A19103F-16F7-4668-BE54-9A1E7A4F7556}") = "CBT02300SERVICE", "SERVICE\CB\CBT02300SERVICE\CBT02300SERVICE.csproj", "{939C49D6-4AE2-42E2-8BDF-DC4BF7FEDDCA}"
EndProject
Project("{9A19103F-16F7-4668-BE54-9A1E7A4F7556}") = "PMT05500COMMON", "COMMON\LM\LMT05500Common\PMT05500COMMON.csproj", "{21DF1730-7B60-4211-BB8A-819581A1B9EF}"
EndProject
Project("{2150E333-8FDC-42A3-9474-1A3956D46DE8}") = "AP", "AP", "{90AA702F-038D-4B5D-A194-2D0062E4DB3F}"
EndProject
Project("{9A19103F-16F7-4668-BE54-9A1E7A4F7556}") = "APT00100COMMON", "COMMON\AP\APT00100COMMON\APT00100COMMON.csproj", "{015A4B4B-B5DE-446D-95CE-DE8F72A670DD}"
EndProject
Project("{9A19103F-16F7-4668-BE54-9A1E7A4F7556}") = "APT00200COMMON", "COMMON\AP\APT00200COMMON\APT00200COMMON.csproj", "{D7FDC9B2-DF9B-43C5-977F-E22B2B787070}"
EndProject
Project("{9A19103F-16F7-4668-BE54-9A1E7A4F7556}") = "APT00200BACK", "BACK\AP\APT00200BACK\APT00200BACK.csproj", "{6A3C1087-2C5A-4EA6-9048-D7C987CDB70A}"
EndProject
Project("{9A19103F-16F7-4668-BE54-9A1E7A4F7556}") = "APT00100BACK", "BACK\AP\APT00100BACK\APT00100BACK.csproj", "{A92F78E6-FCD8-4E98-83AA-F97E210A4EDF}"
EndProject
Project("{2150E333-8FDC-42A3-9474-1A3956D46DE8}") = "AP", "AP", "{AD69E9A4-0505-4ED8-A106-A00DE4825180}"
EndProject
Project("{9A19103F-16F7-4668-BE54-9A1E7A4F7556}") = "APT00200SERVICE", "SERVICE\AP\APT00200SERVICE\APT00200SERVICE.csproj", "{7C51D345-98AC-4F26-968D-759E66BC7A95}"
EndProject
Project("{9A19103F-16F7-4668-BE54-9A1E7A4F7556}") = "APT00100SERVICE", "SERVICE\AP\APT00100SERVICE\APT00100SERVICE.csproj", "{B339B88A-3D66-4951-9C1F-EAC920B7C5EE}"
EndProject
Project("{2150E333-8FDC-42A3-9474-1A3956D46DE8}") = "Shared Form", "Shared Form", "{A29FC091-8504-41AA-BC60-DAEAD8643A5C}"
EndProject
Project("{2150E333-8FDC-42A3-9474-1A3956D46DE8}") = "Shared Forn", "Shared Forn", "{1E1B5F5E-BB92-41D7-9D63-BF25C9FED83C}"
EndProject
Project("{9A19103F-16F7-4668-BE54-9A1E7A4F7556}") = "GLF00100COMMON", "..\..\BS Shared Form\SOURCE\BACK\GLF00100COMMON\GLF00100COMMON.csproj", "{4511B0FA-CA80-4544-A296-776A961DA86A}"
EndProject
Project("{9A19103F-16F7-4668-BE54-9A1E7A4F7556}") = "APF00100COMMON", "..\..\BS Shared Form\SOURCE\BACK\APF00100COMMON\APF00100COMMON.csproj", "{C831595D-E350-4A58-BF60-8CC3980E4668}"
EndProject
Project("{9A19103F-16F7-4668-BE54-9A1E7A4F7556}") = "GLF00100BACK", "..\..\BS Shared Form\SOURCE\BACK\GLF00100BACK\GLF00100BACK.csproj", "{8C0C69F1-D467-4922-A1CC-7556F3217F36}"
EndProject
Project("{9A19103F-16F7-4668-BE54-9A1E7A4F7556}") = "GLF00100BackResources", "..\..\BS Shared Form\SOURCE\BACK\GLF00100BackResources\GLF00100BackResources.csproj", "{23DA5E6D-291A-4477-9192-3560E304400D}"
EndProject
Project("{9A19103F-16F7-4668-BE54-9A1E7A4F7556}") = "APF00100BACK", "..\..\BS Shared Form\SOURCE\BACK\APF00100BACK\APF00100BACK.csproj", "{55CF777D-BDF4-4197-809A-32A380D60356}"
EndProject
Project("{9A19103F-16F7-4668-BE54-9A1E7A4F7556}") = "APF00100BackResources", "..\..\BS Shared Form\SOURCE\BACK\APF00100BackResources\APF00100BackResources.csproj", "{D5319D4A-2C5B-4BD8-A02C-59B7D2916564}"
EndProject
Project("{2150E333-8FDC-42A3-9474-1A3956D46DE8}") = "Shared Form", "Shared Form", "{52EAE081-87AF-4F07-8F82-549A4C727556}"
EndProject
Project("{9A19103F-16F7-4668-BE54-9A1E7A4F7556}") = "APF00100SERVICES", "..\..\BS Shared Form\SOURCE\SERVICES\APF00100SERVICES\APF00100SERVICES.csproj", "{4F41FCFD-52BD-43C5-8585-070D2BE86A84}"
EndProject
Project("{9A19103F-16F7-4668-BE54-9A1E7A4F7556}") = "GLF00100SERVICES", "..\..\BS Shared Form\SOURCE\SERVICES\GLF00100SERVICES\GLF00100SERVICES.csproj", "{3323CB9A-4769-42BD-B223-7E4417E0C6D9}"
EndProject
Project("{9A19103F-16F7-4668-BE54-9A1E7A4F7556}") = "Lookup_APCOMMON", "..\..\BS Shared Form\SOURCE\BACK\Lookup_APCOMMON\Lookup_APCOMMON.csproj", "{8BBDADDF-15A4-488F-A4B2-AEB76599ADDA}"
EndProject
Project("{9A19103F-16F7-4668-BE54-9A1E7A4F7556}") = "Lookup_APBACK", "..\..\BS Shared Form\SOURCE\BACK\Lookup_APBACK\Lookup_APBACK.csproj", "{B358C200-F4D7-4CD0-954F-0A1E369F2869}"
EndProject
Project("{9A19103F-16F7-4668-BE54-9A1E7A4F7556}") = "Lookup_APSERVICES", "..\..\BS Shared Form\SOURCE\SERVICES\Lookup_APSERVICES\Lookup_APSERVICES.csproj", "{61AF91E7-BC41-4470-BA6D-66008990B657}"
EndProject
Project("{2150E333-8FDC-42A3-9474-1A3956D46DE8}") = "APSPR", "APSPR", "{57794C1E-DCB6-43FC-A3F0-529D3CBE25AE}"
EndProject
Project("{9A19103F-16F7-4668-BE54-9A1E7A4F7556}") = "RSP_AP_UPDATE_ALLOCATION_STATUSResources", "BACK\AP\AP_SPR\RSP_AP_UPDATE_ALLOCATION_STATUSResources\RSP_AP_UPDATE_ALLOCATION_STATUSResources.csproj", "{33785D9A-E039-4671-91D9-F9850585F5E4}"
EndProject
Project("{9A19103F-16F7-4668-BE54-9A1E7A4F7556}") = "RSP_AP_SAVE_ALLOCATIONResources", "BACK\AP\AP_SPR\RSP_AP_SAVE_ALLOCATIONResources\RSP_AP_SAVE_ALLOCATIONResources.csproj", "{88B04135-883D-46C9-9CEB-8646B2C89E22}"
EndProject
Project("{9A19103F-16F7-4668-BE54-9A1E7A4F7556}") = "RSP_AP_SUBMIT_ALLOCATIONResources", "BACK\AP\AP_SPR\RSP_AP_SUBMIT_ALLOCATIONResources\RSP_AP_SUBMIT_ALLOCATIONResources.csproj", "{522739EE-DA6F-471E-9585-E0CCE1D0BF58}"
EndProject
Project("{9A19103F-16F7-4668-BE54-9A1E7A4F7556}") = "RSP_AP_DELETE_ALLOCATIONResources", "BACK\AP\AP_SPR\RSP_AP_DELETE_ALLOCATIONResources\RSP_AP_DELETE_ALLOCATIONResources.csproj", "{5444CE64-8C66-4602-B39F-5B5E737FCB71}"
EndProject
Project("{2150E333-8FDC-42A3-9474-1A3956D46DE8}") = "DESIGN", "DESIGN", "{21241D8F-3EDF-499B-BDB4-CFEDA0313277}"
EndProject
Project("{2150E333-8FDC-42A3-9474-1A3956D46DE8}") = "GLR00300", "GLR00300", "{9F1F9517-31F6-4CCE-9130-64BA6ABAF46A}"
EndProject
Project("{9A19103F-16F7-4668-BE54-9A1E7A4F7556}") = "DesignFormGL", "DESIGN\GL\GLR00300\GLDesainReport\DesignFormGL\DesignFormGL.csproj", "{F5461ACD-0763-4F69-ACFC-C11F83728834}"
EndProject
Project("{9A19103F-16F7-4668-BE54-9A1E7A4F7556}") = "BaseHeaderResources", "BACK\GL\GL_SPR\BaseHeaderResources\BaseHeaderResources\BaseHeaderResources.csproj", "{8D61D4C8-CA8D-43CE-8DDC-1A5D524A496E}"
EndProject
Project("{2150E333-8FDC-42A3-9474-1A3956D46DE8}") = "Resources", "Resources", "{E76B44A6-99EC-4312-A358-1AFF9F8D4910}"
EndProject
Project("{9A19103F-16F7-4668-BE54-9A1E7A4F7556}") = "GLR00300BackResources", "BACK\GL\GLR00300BackResources\GLR00300BackResources\GLR00300BackResources.csproj", "{09703FCF-1AE0-4B74-8176-8ACFED916BBF}"
EndProject
Project("{9A19103F-16F7-4668-BE54-9A1E7A4F7556}") = "PMR00150COMMON", "COMMON\LM\PMR00150COMMON\PMR00150COMMON.csproj", "{5F18422E-F5DA-4FA6-B0E1-2C50014517BD}"
EndProject
Project("{9A19103F-16F7-4668-BE54-9A1E7A4F7556}") = "PMR00150SERVICE", "SERVICE\LM\PMR00150SERVICE\PMR00150SERVICE.csproj", "{CD2AC0EB-7FF3-4AD0-BA05-65EBDA2B8382}"
EndProject
Project("{9A19103F-16F7-4668-BE54-9A1E7A4F7556}") = "PMR00150BACK", "BACK\LM\PMR00150BACK\PMR00150BACK.csproj", "{777BC273-3E06-4628-9926-096057D13CA3}"
EndProject
Project("{2150E333-8FDC-42A3-9474-1A3956D46DE8}") = "PMR00150", "PMR00150", "{50534AAA-C040-46A2-A45D-E17398DB7A9D}"
EndProject
Project("{2150E333-8FDC-42A3-9474-1A3956D46DE8}") = "Resources", "Resources", "{9839B437-46B8-4EED-AA61-D70E597B6705}"
EndProject
Project("{9A19103F-16F7-4668-BE54-9A1E7A4F7556}") = "PMR00150BackResources", "BACK\LM\PMR00150BackResources\PMR00150BackResources.csproj", "{26044F2F-9EC4-4E00-BEE1-A629BE672D9E}"
EndProject
Project("{9A19103F-16F7-4668-BE54-9A1E7A4F7556}") = "BaseHeaderResources", "BACK\LM\LM_SPR\BaseHeaderResources\BaseHeaderResources\BaseHeaderResources.csproj", "{AF325576-36BC-48AF-B16A-1ECBED587A65}"
EndProject
Project("{2150E333-8FDC-42A3-9474-1A3956D46DE8}") = "PMM06000", "PMM06000", "{51EDC137-1782-4248-97C0-828FDC642ABB}"
EndProject
Project("{2150E333-8FDC-42A3-9474-1A3956D46DE8}") = "PMT05500", "PMT05500", "{3903DCA4-86D5-471E-A522-15C9F6FAC471}"
EndProject
Project("{9A19103F-16F7-4668-BE54-9A1E7A4F7556}") = "PMT02000COMMON", "COMMON\LM\PMT02000COMMON\PMT02000COMMON.csproj", "{4AF533A1-F493-4D8C-AF5D-3C41DDE4EED5}"
EndProject
Project("{2150E333-8FDC-42A3-9474-1A3956D46DE8}") = "PMT02000", "PMT02000", "{0D8B93C4-DBBB-4DDD-A67C-AAFBB5A91DC0}"
EndProject
Project("{9A19103F-16F7-4668-BE54-9A1E7A4F7556}") = "PMT02000Back", "BACK\LM\PMT02000Back\PMT02000Back.csproj", "{8ED0BBD7-1257-4EB3-81D5-0BD0C8C10EBD}"
EndProject
Project("{2150E333-8FDC-42A3-9474-1A3956D46DE8}") = "PMT02000", "PMT02000", "{BBE8749B-DC45-4F69-AD56-1B3E396D8850}"
EndProject
Project("{9A19103F-16F7-4668-BE54-9A1E7A4F7556}") = "PMT02000SERVICE", "SERVICE\LM\PMT02000SERVICE\PMT02000SERVICE.csproj", "{7E7EBDEA-9316-4BFF-A249-934B54F4E190}"
EndProject
Project("{9A19103F-16F7-4668-BE54-9A1E7A4F7556}") = "PMT01700COMMON", "COMMON\LM\PMT01700COMMON\PMT01700COMMON.csproj", "{D8FC7A34-6746-43DD-B41E-D1571C49840E}"
EndProject
Project("{2150E333-8FDC-42A3-9474-1A3956D46DE8}") = "PMT01700", "PMT01700", "{93F15B0B-F2F7-47D7-AA99-FF42DFD1CA24}"
EndProject
Project("{9A19103F-16F7-4668-BE54-9A1E7A4F7556}") = "PMT01700BACK", "BACK\LM\PMT01700BACK\PMT01700BACK.csproj", "{2A8F03BB-A525-4076-B594-4F699B7059CD}"
EndProject
Project("{2150E333-8FDC-42A3-9474-1A3956D46DE8}") = "PMT01700", "PMT01700", "{A0C6329D-7A4A-4CC0-A26B-BDE93C0DAD78}"
EndProject
Project("{9A19103F-16F7-4668-BE54-9A1E7A4F7556}") = "PMT01700SERVICE", "SERVICE\LM\PMT01700SERVICE\PMT01700SERVICE.csproj", "{9739F653-B8AD-405C-B811-5162FC17A674}"
EndProject
Project("{2150E333-8FDC-42A3-9474-1A3956D46DE8}") = "PMT01100", "PMT01100", "{823689C2-A025-4D57-8F17-996BDAA3F997}"
EndProject
Project("{2150E333-8FDC-42A3-9474-1A3956D46DE8}") = "PMT01100", "PMT01100", "{B4C4F5B2-61FE-4150-B050-E60FC17C2178}"
EndProject
Project("{9A19103F-16F7-4668-BE54-9A1E7A4F7556}") = "PMT01100Back", "BACK\LM\PMT01100BACK\PMT01100Back.csproj", "{8B153EF5-041C-4C9A-AA48-55D28779E0BB}"
EndProject
Project("{9A19103F-16F7-4668-BE54-9A1E7A4F7556}") = "PMT01100Service", "SERVICE\LM\PMT01100SERVICE\PMT01100Service.csproj", "{EE91C326-DAFE-4393-8946-4B9C9268D4D6}"
EndProject
Project("{2150E333-8FDC-42A3-9474-1A3956D46DE8}") = "PMT01800", "PMT01800", "{A329C7B3-E00D-41FD-BAFC-8F72AC309CE6}"
EndProject
Project("{2150E333-8FDC-42A3-9474-1A3956D46DE8}") = "PMT01800", "PMT01800", "{CE241877-2411-4764-AB92-077659CC6A95}"
EndProject
Project("{9A19103F-16F7-4668-BE54-9A1E7A4F7556}") = "Global_PMCOMMON", "..\..\BS Shared Form\SOURCE\BACK\Global_PMCOMMON\Global_PMCOMMON.csproj", "{5F0A213A-CFBC-4CB4-82B9-BDDE5AC75CA2}"
EndProject
Project("{9A19103F-16F7-4668-BE54-9A1E7A4F7556}") = "Global_PMBACK", "..\..\BS Shared Form\SOURCE\BACK\Global_PMBACK\Global_PMBACK.csproj", "{A96F03F9-E386-4656-AE89-CFD0F3D811FC}"
EndProject
Project("{9A19103F-16F7-4668-BE54-9A1E7A4F7556}") = "Global_PMSERVICES", "..\..\BS Shared Form\SOURCE\SERVICES\Global_PMSERVICES\Global_PMSERVICES.csproj", "{F3165E4A-3C21-450D-BD10-9501394C9BBA}"
EndProject
Project("{2150E333-8FDC-42A3-9474-1A3956D46DE8}") = "PMB04000", "PMB04000", "{79895FB9-F5BB-4CF4-8B50-A7E1197923A9}"
EndProject
Project("{FAE04EC0-301F-11D3-BF4B-00C04F79EFBC}") = "PMB04000COMMON", "COMMON\LM\PMB04000COMMON\PMB04000COMMON.csproj", "{055BC6C7-18AA-4AD4-A630-80976D22F01D}"
EndProject
Project("{2150E333-8FDC-42A3-9474-1A3956D46DE8}") = "PMB04000", "PMB04000", "{D723830C-7907-427F-AD30-8C79C0EDFE9C}"
EndProject
Project("{FAE04EC0-301F-11D3-BF4B-00C04F79EFBC}") = "PMB04000BACK", "BACK\LM\PMB04000BACK\PMB04000BACK.csproj", "{AC629D1D-0B88-42B5-940D-9D4922A86CD2}"
EndProject
Project("{2150E333-8FDC-42A3-9474-1A3956D46DE8}") = "PMB04000", "PMB04000", "{E563C5C2-332F-4832-AE5A-2A8117A725D9}"
EndProject
Project("{FAE04EC0-301F-11D3-BF4B-00C04F79EFBC}") = "PMB04000SERVICE", "SERVICE\LM\PMB04000SERVICE\PMB04000SERVICE.csproj", "{A9781046-B869-4C29-BA30-3D4D80FE2733}"
EndProject
Global
	GlobalSection(SolutionConfigurationPlatforms) = preSolution
		Debug|Any CPU = Debug|Any CPU
		Release|Any CPU = Release|Any CPU
	EndGlobalSection
	GlobalSection(ProjectConfigurationPlatforms) = postSolution
		{B39B82B8-79EA-4E46-A0E6-773A908ED7E1}.Debug|Any CPU.ActiveCfg = Debug|Any CPU
		{B39B82B8-79EA-4E46-A0E6-773A908ED7E1}.Debug|Any CPU.Build.0 = Debug|Any CPU
		{B39B82B8-79EA-4E46-A0E6-773A908ED7E1}.Release|Any CPU.ActiveCfg = Release|Any CPU
		{B39B82B8-79EA-4E46-A0E6-773A908ED7E1}.Release|Any CPU.Build.0 = Release|Any CPU
		{D24DFCCC-9F27-45A9-A13E-76868AD37CC3}.Debug|Any CPU.ActiveCfg = Debug|Any CPU
		{D24DFCCC-9F27-45A9-A13E-76868AD37CC3}.Debug|Any CPU.Build.0 = Debug|Any CPU
		{D24DFCCC-9F27-45A9-A13E-76868AD37CC3}.Release|Any CPU.ActiveCfg = Release|Any CPU
		{D24DFCCC-9F27-45A9-A13E-76868AD37CC3}.Release|Any CPU.Build.0 = Release|Any CPU
		{F4E5AC81-5B57-4FA9-A068-918384E4FAA9}.Debug|Any CPU.ActiveCfg = Debug|Any CPU
		{F4E5AC81-5B57-4FA9-A068-918384E4FAA9}.Debug|Any CPU.Build.0 = Debug|Any CPU
		{F4E5AC81-5B57-4FA9-A068-918384E4FAA9}.Release|Any CPU.ActiveCfg = Release|Any CPU
		{F4E5AC81-5B57-4FA9-A068-918384E4FAA9}.Release|Any CPU.Build.0 = Release|Any CPU
		{346EA8DB-B047-4F1C-ADE4-61FEB07CF09E}.Debug|Any CPU.ActiveCfg = Debug|Any CPU
		{346EA8DB-B047-4F1C-ADE4-61FEB07CF09E}.Debug|Any CPU.Build.0 = Debug|Any CPU
		{346EA8DB-B047-4F1C-ADE4-61FEB07CF09E}.Release|Any CPU.ActiveCfg = Release|Any CPU
		{346EA8DB-B047-4F1C-ADE4-61FEB07CF09E}.Release|Any CPU.Build.0 = Release|Any CPU
		{F3A67679-1DE4-4F09-9937-ADD5278DF649}.Debug|Any CPU.ActiveCfg = Debug|Any CPU
		{F3A67679-1DE4-4F09-9937-ADD5278DF649}.Debug|Any CPU.Build.0 = Debug|Any CPU
		{F3A67679-1DE4-4F09-9937-ADD5278DF649}.Release|Any CPU.ActiveCfg = Release|Any CPU
		{F3A67679-1DE4-4F09-9937-ADD5278DF649}.Release|Any CPU.Build.0 = Release|Any CPU
		{5BCD343A-CA3E-421F-A684-F6CC9E418432}.Debug|Any CPU.ActiveCfg = Debug|Any CPU
		{5BCD343A-CA3E-421F-A684-F6CC9E418432}.Debug|Any CPU.Build.0 = Debug|Any CPU
		{5BCD343A-CA3E-421F-A684-F6CC9E418432}.Release|Any CPU.ActiveCfg = Release|Any CPU
		{5BCD343A-CA3E-421F-A684-F6CC9E418432}.Release|Any CPU.Build.0 = Release|Any CPU
		{6AC357DF-DFAE-4908-8159-E1D37B0F84E1}.Debug|Any CPU.ActiveCfg = Debug|Any CPU
		{6AC357DF-DFAE-4908-8159-E1D37B0F84E1}.Debug|Any CPU.Build.0 = Debug|Any CPU
		{6AC357DF-DFAE-4908-8159-E1D37B0F84E1}.Release|Any CPU.ActiveCfg = Release|Any CPU
		{6AC357DF-DFAE-4908-8159-E1D37B0F84E1}.Release|Any CPU.Build.0 = Release|Any CPU
		{572A539C-5F0A-4D66-B69A-B26AC43446A0}.Debug|Any CPU.ActiveCfg = Debug|Any CPU
		{572A539C-5F0A-4D66-B69A-B26AC43446A0}.Debug|Any CPU.Build.0 = Debug|Any CPU
		{572A539C-5F0A-4D66-B69A-B26AC43446A0}.Release|Any CPU.ActiveCfg = Release|Any CPU
		{572A539C-5F0A-4D66-B69A-B26AC43446A0}.Release|Any CPU.Build.0 = Release|Any CPU
		{C90D2723-A55E-4730-93CE-E58A410598CB}.Debug|Any CPU.ActiveCfg = Debug|Any CPU
		{C90D2723-A55E-4730-93CE-E58A410598CB}.Debug|Any CPU.Build.0 = Debug|Any CPU
		{C90D2723-A55E-4730-93CE-E58A410598CB}.Release|Any CPU.ActiveCfg = Release|Any CPU
		{C90D2723-A55E-4730-93CE-E58A410598CB}.Release|Any CPU.Build.0 = Release|Any CPU
		{8A8B1219-15F8-4FD4-9E91-F0A9388CB3A7}.Debug|Any CPU.ActiveCfg = Debug|Any CPU
		{8A8B1219-15F8-4FD4-9E91-F0A9388CB3A7}.Debug|Any CPU.Build.0 = Debug|Any CPU
		{8A8B1219-15F8-4FD4-9E91-F0A9388CB3A7}.Release|Any CPU.ActiveCfg = Release|Any CPU
		{8A8B1219-15F8-4FD4-9E91-F0A9388CB3A7}.Release|Any CPU.Build.0 = Release|Any CPU
		{574BEF69-BC4A-41FB-B26B-629B80A833B6}.Debug|Any CPU.ActiveCfg = Debug|Any CPU
		{574BEF69-BC4A-41FB-B26B-629B80A833B6}.Debug|Any CPU.Build.0 = Debug|Any CPU
		{574BEF69-BC4A-41FB-B26B-629B80A833B6}.Release|Any CPU.ActiveCfg = Release|Any CPU
		{574BEF69-BC4A-41FB-B26B-629B80A833B6}.Release|Any CPU.Build.0 = Release|Any CPU
		{276BE20E-9EA6-452D-9681-B4D81BFA2639}.Debug|Any CPU.ActiveCfg = Debug|Any CPU
		{276BE20E-9EA6-452D-9681-B4D81BFA2639}.Debug|Any CPU.Build.0 = Debug|Any CPU
		{276BE20E-9EA6-452D-9681-B4D81BFA2639}.Release|Any CPU.ActiveCfg = Release|Any CPU
		{276BE20E-9EA6-452D-9681-B4D81BFA2639}.Release|Any CPU.Build.0 = Release|Any CPU
		{2A73AD41-CFFE-49C4-AE11-D9BCC99720DB}.Debug|Any CPU.ActiveCfg = Debug|Any CPU
		{2A73AD41-CFFE-49C4-AE11-D9BCC99720DB}.Debug|Any CPU.Build.0 = Debug|Any CPU
		{2A73AD41-CFFE-49C4-AE11-D9BCC99720DB}.Release|Any CPU.ActiveCfg = Release|Any CPU
		{2A73AD41-CFFE-49C4-AE11-D9BCC99720DB}.Release|Any CPU.Build.0 = Release|Any CPU
		{4ABFAC0E-ACA3-47D4-89CE-30E23517E53A}.Debug|Any CPU.ActiveCfg = Debug|Any CPU
		{4ABFAC0E-ACA3-47D4-89CE-30E23517E53A}.Debug|Any CPU.Build.0 = Debug|Any CPU
		{4ABFAC0E-ACA3-47D4-89CE-30E23517E53A}.Release|Any CPU.ActiveCfg = Release|Any CPU
		{4ABFAC0E-ACA3-47D4-89CE-30E23517E53A}.Release|Any CPU.Build.0 = Release|Any CPU
		{7ED108FB-BC0A-46EF-97CA-752424566149}.Debug|Any CPU.ActiveCfg = Debug|Any CPU
		{7ED108FB-BC0A-46EF-97CA-752424566149}.Debug|Any CPU.Build.0 = Debug|Any CPU
		{7ED108FB-BC0A-46EF-97CA-752424566149}.Release|Any CPU.ActiveCfg = Release|Any CPU
		{7ED108FB-BC0A-46EF-97CA-752424566149}.Release|Any CPU.Build.0 = Release|Any CPU
		{E215F208-6338-4322-A5B9-E24EE7FC20F8}.Debug|Any CPU.ActiveCfg = Debug|Any CPU
		{E215F208-6338-4322-A5B9-E24EE7FC20F8}.Debug|Any CPU.Build.0 = Debug|Any CPU
		{E215F208-6338-4322-A5B9-E24EE7FC20F8}.Release|Any CPU.ActiveCfg = Release|Any CPU
		{E215F208-6338-4322-A5B9-E24EE7FC20F8}.Release|Any CPU.Build.0 = Release|Any CPU
		{622CE258-3670-4A9F-B9F3-E852A1B35E61}.Debug|Any CPU.ActiveCfg = Debug|Any CPU
		{622CE258-3670-4A9F-B9F3-E852A1B35E61}.Debug|Any CPU.Build.0 = Debug|Any CPU
		{622CE258-3670-4A9F-B9F3-E852A1B35E61}.Release|Any CPU.ActiveCfg = Release|Any CPU
		{622CE258-3670-4A9F-B9F3-E852A1B35E61}.Release|Any CPU.Build.0 = Release|Any CPU
		{101F4E47-EE5B-4BEC-BFAD-13745CBF82BB}.Debug|Any CPU.ActiveCfg = Debug|Any CPU
		{101F4E47-EE5B-4BEC-BFAD-13745CBF82BB}.Debug|Any CPU.Build.0 = Debug|Any CPU
		{101F4E47-EE5B-4BEC-BFAD-13745CBF82BB}.Release|Any CPU.ActiveCfg = Release|Any CPU
		{101F4E47-EE5B-4BEC-BFAD-13745CBF82BB}.Release|Any CPU.Build.0 = Release|Any CPU
		{5035F9C7-5D86-4212-A8F4-5C068134694B}.Debug|Any CPU.ActiveCfg = Debug|Any CPU
		{5035F9C7-5D86-4212-A8F4-5C068134694B}.Debug|Any CPU.Build.0 = Debug|Any CPU
		{5035F9C7-5D86-4212-A8F4-5C068134694B}.Release|Any CPU.ActiveCfg = Release|Any CPU
		{5035F9C7-5D86-4212-A8F4-5C068134694B}.Release|Any CPU.Build.0 = Release|Any CPU
		{97DD1E82-58B4-46E1-A83B-0CA81EABB8FE}.Debug|Any CPU.ActiveCfg = Debug|Any CPU
		{97DD1E82-58B4-46E1-A83B-0CA81EABB8FE}.Debug|Any CPU.Build.0 = Debug|Any CPU
		{97DD1E82-58B4-46E1-A83B-0CA81EABB8FE}.Release|Any CPU.ActiveCfg = Release|Any CPU
		{97DD1E82-58B4-46E1-A83B-0CA81EABB8FE}.Release|Any CPU.Build.0 = Release|Any CPU
		{E6F99559-D9A3-4C2F-A06A-2DDF382C51E9}.Debug|Any CPU.ActiveCfg = Debug|Any CPU
		{E6F99559-D9A3-4C2F-A06A-2DDF382C51E9}.Debug|Any CPU.Build.0 = Debug|Any CPU
		{E6F99559-D9A3-4C2F-A06A-2DDF382C51E9}.Release|Any CPU.ActiveCfg = Release|Any CPU
		{E6F99559-D9A3-4C2F-A06A-2DDF382C51E9}.Release|Any CPU.Build.0 = Release|Any CPU
		{24F377CC-02DC-4956-8E7C-A70B78EB1F87}.Debug|Any CPU.ActiveCfg = Debug|Any CPU
		{24F377CC-02DC-4956-8E7C-A70B78EB1F87}.Debug|Any CPU.Build.0 = Debug|Any CPU
		{24F377CC-02DC-4956-8E7C-A70B78EB1F87}.Release|Any CPU.ActiveCfg = Release|Any CPU
		{24F377CC-02DC-4956-8E7C-A70B78EB1F87}.Release|Any CPU.Build.0 = Release|Any CPU
		{E617E5F6-742C-4A66-9E35-C3FE91040FBB}.Debug|Any CPU.ActiveCfg = Debug|Any CPU
		{E617E5F6-742C-4A66-9E35-C3FE91040FBB}.Debug|Any CPU.Build.0 = Debug|Any CPU
		{E617E5F6-742C-4A66-9E35-C3FE91040FBB}.Release|Any CPU.ActiveCfg = Release|Any CPU
		{E617E5F6-742C-4A66-9E35-C3FE91040FBB}.Release|Any CPU.Build.0 = Release|Any CPU
		{576422D7-5075-4F6B-ABE6-0E16D8F16233}.Debug|Any CPU.ActiveCfg = Debug|Any CPU
		{576422D7-5075-4F6B-ABE6-0E16D8F16233}.Debug|Any CPU.Build.0 = Debug|Any CPU
		{576422D7-5075-4F6B-ABE6-0E16D8F16233}.Release|Any CPU.ActiveCfg = Release|Any CPU
		{576422D7-5075-4F6B-ABE6-0E16D8F16233}.Release|Any CPU.Build.0 = Release|Any CPU
		{BDE22BB4-BAFF-4ADD-87FC-7FA0BADA31EA}.Debug|Any CPU.ActiveCfg = Debug|Any CPU
		{BDE22BB4-BAFF-4ADD-87FC-7FA0BADA31EA}.Debug|Any CPU.Build.0 = Debug|Any CPU
		{BDE22BB4-BAFF-4ADD-87FC-7FA0BADA31EA}.Release|Any CPU.ActiveCfg = Release|Any CPU
		{BDE22BB4-BAFF-4ADD-87FC-7FA0BADA31EA}.Release|Any CPU.Build.0 = Release|Any CPU
		{5D81619A-83D9-43A0-9AED-C87110A4EFA6}.Debug|Any CPU.ActiveCfg = Debug|Any CPU
		{5D81619A-83D9-43A0-9AED-C87110A4EFA6}.Debug|Any CPU.Build.0 = Debug|Any CPU
		{5D81619A-83D9-43A0-9AED-C87110A4EFA6}.Release|Any CPU.ActiveCfg = Release|Any CPU
		{5D81619A-83D9-43A0-9AED-C87110A4EFA6}.Release|Any CPU.Build.0 = Release|Any CPU
		{E29A9A40-8893-4199-8661-631AB5917C8E}.Debug|Any CPU.ActiveCfg = Debug|Any CPU
		{E29A9A40-8893-4199-8661-631AB5917C8E}.Debug|Any CPU.Build.0 = Debug|Any CPU
		{E29A9A40-8893-4199-8661-631AB5917C8E}.Release|Any CPU.ActiveCfg = Release|Any CPU
		{E29A9A40-8893-4199-8661-631AB5917C8E}.Release|Any CPU.Build.0 = Release|Any CPU
		{2A5DBF3B-8041-45AA-998E-12C36201C436}.Debug|Any CPU.ActiveCfg = Debug|Any CPU
		{2A5DBF3B-8041-45AA-998E-12C36201C436}.Debug|Any CPU.Build.0 = Debug|Any CPU
		{2A5DBF3B-8041-45AA-998E-12C36201C436}.Release|Any CPU.ActiveCfg = Release|Any CPU
		{2A5DBF3B-8041-45AA-998E-12C36201C436}.Release|Any CPU.Build.0 = Release|Any CPU
		{BA75D2BD-D27E-4D49-A30F-972D048DF510}.Debug|Any CPU.ActiveCfg = Debug|Any CPU
		{BA75D2BD-D27E-4D49-A30F-972D048DF510}.Debug|Any CPU.Build.0 = Debug|Any CPU
		{BA75D2BD-D27E-4D49-A30F-972D048DF510}.Release|Any CPU.ActiveCfg = Release|Any CPU
		{BA75D2BD-D27E-4D49-A30F-972D048DF510}.Release|Any CPU.Build.0 = Release|Any CPU
		{D9CADDAB-7D96-4429-B177-546C5C29CDB0}.Debug|Any CPU.ActiveCfg = Debug|Any CPU
		{D9CADDAB-7D96-4429-B177-546C5C29CDB0}.Debug|Any CPU.Build.0 = Debug|Any CPU
		{D9CADDAB-7D96-4429-B177-546C5C29CDB0}.Release|Any CPU.ActiveCfg = Release|Any CPU
		{D9CADDAB-7D96-4429-B177-546C5C29CDB0}.Release|Any CPU.Build.0 = Release|Any CPU
		{7FE7A5AD-2B26-422B-A5C1-DC6966F70391}.Debug|Any CPU.ActiveCfg = Debug|Any CPU
		{7FE7A5AD-2B26-422B-A5C1-DC6966F70391}.Debug|Any CPU.Build.0 = Debug|Any CPU
		{7FE7A5AD-2B26-422B-A5C1-DC6966F70391}.Release|Any CPU.ActiveCfg = Release|Any CPU
		{7FE7A5AD-2B26-422B-A5C1-DC6966F70391}.Release|Any CPU.Build.0 = Release|Any CPU
		{2B006D6B-CE53-4042-A91D-DC1992BD8D57}.Debug|Any CPU.ActiveCfg = Debug|Any CPU
		{2B006D6B-CE53-4042-A91D-DC1992BD8D57}.Debug|Any CPU.Build.0 = Debug|Any CPU
		{2B006D6B-CE53-4042-A91D-DC1992BD8D57}.Release|Any CPU.ActiveCfg = Release|Any CPU
		{2B006D6B-CE53-4042-A91D-DC1992BD8D57}.Release|Any CPU.Build.0 = Release|Any CPU
		{4CAD722C-38BC-40EC-9BB8-CC3D24B2523E}.Debug|Any CPU.ActiveCfg = Debug|Any CPU
		{4CAD722C-38BC-40EC-9BB8-CC3D24B2523E}.Debug|Any CPU.Build.0 = Debug|Any CPU
		{4CAD722C-38BC-40EC-9BB8-CC3D24B2523E}.Release|Any CPU.ActiveCfg = Release|Any CPU
		{4CAD722C-38BC-40EC-9BB8-CC3D24B2523E}.Release|Any CPU.Build.0 = Release|Any CPU
		{CC0F702F-C07B-45CE-930B-DCE56EA69084}.Debug|Any CPU.ActiveCfg = Debug|Any CPU
		{CC0F702F-C07B-45CE-930B-DCE56EA69084}.Debug|Any CPU.Build.0 = Debug|Any CPU
		{CC0F702F-C07B-45CE-930B-DCE56EA69084}.Release|Any CPU.ActiveCfg = Release|Any CPU
		{CC0F702F-C07B-45CE-930B-DCE56EA69084}.Release|Any CPU.Build.0 = Release|Any CPU
		{0F152334-0C44-49BC-9F5C-D938DED20DF8}.Debug|Any CPU.ActiveCfg = Debug|Any CPU
		{0F152334-0C44-49BC-9F5C-D938DED20DF8}.Debug|Any CPU.Build.0 = Debug|Any CPU
		{0F152334-0C44-49BC-9F5C-D938DED20DF8}.Release|Any CPU.ActiveCfg = Release|Any CPU
		{0F152334-0C44-49BC-9F5C-D938DED20DF8}.Release|Any CPU.Build.0 = Release|Any CPU
		{59865951-A7E6-4095-8F57-02A86BD4114C}.Debug|Any CPU.ActiveCfg = Debug|Any CPU
		{59865951-A7E6-4095-8F57-02A86BD4114C}.Debug|Any CPU.Build.0 = Debug|Any CPU
		{59865951-A7E6-4095-8F57-02A86BD4114C}.Release|Any CPU.ActiveCfg = Release|Any CPU
		{59865951-A7E6-4095-8F57-02A86BD4114C}.Release|Any CPU.Build.0 = Release|Any CPU
		{8B598554-CF1C-4AE5-B882-02AC12A8C8D3}.Debug|Any CPU.ActiveCfg = Debug|Any CPU
		{8B598554-CF1C-4AE5-B882-02AC12A8C8D3}.Debug|Any CPU.Build.0 = Debug|Any CPU
		{8B598554-CF1C-4AE5-B882-02AC12A8C8D3}.Release|Any CPU.ActiveCfg = Release|Any CPU
		{8B598554-CF1C-4AE5-B882-02AC12A8C8D3}.Release|Any CPU.Build.0 = Release|Any CPU
		{F20AB89F-55A5-465E-B405-4F653A84E129}.Debug|Any CPU.ActiveCfg = Debug|Any CPU
		{F20AB89F-55A5-465E-B405-4F653A84E129}.Debug|Any CPU.Build.0 = Debug|Any CPU
		{F20AB89F-55A5-465E-B405-4F653A84E129}.Release|Any CPU.ActiveCfg = Release|Any CPU
		{F20AB89F-55A5-465E-B405-4F653A84E129}.Release|Any CPU.Build.0 = Release|Any CPU
		{0846D0FE-8544-463B-A1C1-595C2C20A61D}.Debug|Any CPU.ActiveCfg = Debug|Any CPU
		{0846D0FE-8544-463B-A1C1-595C2C20A61D}.Debug|Any CPU.Build.0 = Debug|Any CPU
		{0846D0FE-8544-463B-A1C1-595C2C20A61D}.Release|Any CPU.ActiveCfg = Release|Any CPU
		{0846D0FE-8544-463B-A1C1-595C2C20A61D}.Release|Any CPU.Build.0 = Release|Any CPU
		{6424FB0C-8BA0-438F-9BA1-C174E7CBD146}.Debug|Any CPU.ActiveCfg = Debug|Any CPU
		{6424FB0C-8BA0-438F-9BA1-C174E7CBD146}.Debug|Any CPU.Build.0 = Debug|Any CPU
		{6424FB0C-8BA0-438F-9BA1-C174E7CBD146}.Release|Any CPU.ActiveCfg = Release|Any CPU
		{6424FB0C-8BA0-438F-9BA1-C174E7CBD146}.Release|Any CPU.Build.0 = Release|Any CPU
		{60B2D306-3069-45DA-AE1F-2D654C3D0D5F}.Debug|Any CPU.ActiveCfg = Debug|Any CPU
		{60B2D306-3069-45DA-AE1F-2D654C3D0D5F}.Debug|Any CPU.Build.0 = Debug|Any CPU
		{60B2D306-3069-45DA-AE1F-2D654C3D0D5F}.Release|Any CPU.ActiveCfg = Release|Any CPU
		{60B2D306-3069-45DA-AE1F-2D654C3D0D5F}.Release|Any CPU.Build.0 = Release|Any CPU
		{FB042379-A158-4F00-B016-A0B71E296857}.Debug|Any CPU.ActiveCfg = Debug|Any CPU
		{FB042379-A158-4F00-B016-A0B71E296857}.Debug|Any CPU.Build.0 = Debug|Any CPU
		{FB042379-A158-4F00-B016-A0B71E296857}.Release|Any CPU.ActiveCfg = Release|Any CPU
		{FB042379-A158-4F00-B016-A0B71E296857}.Release|Any CPU.Build.0 = Release|Any CPU
		{F15A94D6-35E1-4A11-8CDF-010F871942F9}.Debug|Any CPU.ActiveCfg = Debug|Any CPU
		{F15A94D6-35E1-4A11-8CDF-010F871942F9}.Debug|Any CPU.Build.0 = Debug|Any CPU
		{F15A94D6-35E1-4A11-8CDF-010F871942F9}.Release|Any CPU.ActiveCfg = Release|Any CPU
		{F15A94D6-35E1-4A11-8CDF-010F871942F9}.Release|Any CPU.Build.0 = Release|Any CPU
		{9D22E302-4E44-4300-B48B-4A234DD7D74C}.Debug|Any CPU.ActiveCfg = Debug|Any CPU
		{9D22E302-4E44-4300-B48B-4A234DD7D74C}.Debug|Any CPU.Build.0 = Debug|Any CPU
		{9D22E302-4E44-4300-B48B-4A234DD7D74C}.Release|Any CPU.ActiveCfg = Release|Any CPU
		{9D22E302-4E44-4300-B48B-4A234DD7D74C}.Release|Any CPU.Build.0 = Release|Any CPU
		{29E57D62-20F8-44AA-964A-8CB2D8BE98D7}.Debug|Any CPU.ActiveCfg = Debug|Any CPU
		{29E57D62-20F8-44AA-964A-8CB2D8BE98D7}.Debug|Any CPU.Build.0 = Debug|Any CPU
		{29E57D62-20F8-44AA-964A-8CB2D8BE98D7}.Release|Any CPU.ActiveCfg = Release|Any CPU
		{29E57D62-20F8-44AA-964A-8CB2D8BE98D7}.Release|Any CPU.Build.0 = Release|Any CPU
		{DCE1F779-1E78-4CC6-B308-8A5FD5004770}.Debug|Any CPU.ActiveCfg = Debug|Any CPU
		{DCE1F779-1E78-4CC6-B308-8A5FD5004770}.Debug|Any CPU.Build.0 = Debug|Any CPU
		{DCE1F779-1E78-4CC6-B308-8A5FD5004770}.Release|Any CPU.ActiveCfg = Release|Any CPU
		{DCE1F779-1E78-4CC6-B308-8A5FD5004770}.Release|Any CPU.Build.0 = Release|Any CPU
		{D32B5306-1217-48A8-B3DB-26347B49D764}.Debug|Any CPU.ActiveCfg = Debug|Any CPU
		{D32B5306-1217-48A8-B3DB-26347B49D764}.Debug|Any CPU.Build.0 = Debug|Any CPU
		{D32B5306-1217-48A8-B3DB-26347B49D764}.Release|Any CPU.ActiveCfg = Release|Any CPU
		{D32B5306-1217-48A8-B3DB-26347B49D764}.Release|Any CPU.Build.0 = Release|Any CPU
		{E1582AE3-A844-48B8-A372-6F1AC1EB5675}.Debug|Any CPU.ActiveCfg = Debug|Any CPU
		{E1582AE3-A844-48B8-A372-6F1AC1EB5675}.Debug|Any CPU.Build.0 = Debug|Any CPU
		{E1582AE3-A844-48B8-A372-6F1AC1EB5675}.Release|Any CPU.ActiveCfg = Release|Any CPU
		{E1582AE3-A844-48B8-A372-6F1AC1EB5675}.Release|Any CPU.Build.0 = Release|Any CPU
		{6B0D4769-32D5-4485-A52C-67485117B98F}.Debug|Any CPU.ActiveCfg = Debug|Any CPU
		{6B0D4769-32D5-4485-A52C-67485117B98F}.Debug|Any CPU.Build.0 = Debug|Any CPU
		{6B0D4769-32D5-4485-A52C-67485117B98F}.Release|Any CPU.ActiveCfg = Release|Any CPU
		{6B0D4769-32D5-4485-A52C-67485117B98F}.Release|Any CPU.Build.0 = Release|Any CPU
		{4B6C3B6E-0382-4810-BD20-AE0B72232A33}.Debug|Any CPU.ActiveCfg = Debug|Any CPU
		{4B6C3B6E-0382-4810-BD20-AE0B72232A33}.Debug|Any CPU.Build.0 = Debug|Any CPU
		{4B6C3B6E-0382-4810-BD20-AE0B72232A33}.Release|Any CPU.ActiveCfg = Release|Any CPU
		{4B6C3B6E-0382-4810-BD20-AE0B72232A33}.Release|Any CPU.Build.0 = Release|Any CPU
		{87F8B0BA-3A48-4442-BE24-FA2CA9D7D8A6}.Debug|Any CPU.ActiveCfg = Debug|Any CPU
		{87F8B0BA-3A48-4442-BE24-FA2CA9D7D8A6}.Debug|Any CPU.Build.0 = Debug|Any CPU
		{87F8B0BA-3A48-4442-BE24-FA2CA9D7D8A6}.Release|Any CPU.ActiveCfg = Release|Any CPU
		{87F8B0BA-3A48-4442-BE24-FA2CA9D7D8A6}.Release|Any CPU.Build.0 = Release|Any CPU
		{40E09609-0E9C-434C-925D-F5EC067A6671}.Debug|Any CPU.ActiveCfg = Debug|Any CPU
		{40E09609-0E9C-434C-925D-F5EC067A6671}.Debug|Any CPU.Build.0 = Debug|Any CPU
		{40E09609-0E9C-434C-925D-F5EC067A6671}.Release|Any CPU.ActiveCfg = Release|Any CPU
		{40E09609-0E9C-434C-925D-F5EC067A6671}.Release|Any CPU.Build.0 = Release|Any CPU
		{4AFE2538-9369-423C-8D0D-F425B0EB066D}.Debug|Any CPU.ActiveCfg = Debug|Any CPU
		{4AFE2538-9369-423C-8D0D-F425B0EB066D}.Debug|Any CPU.Build.0 = Debug|Any CPU
		{4AFE2538-9369-423C-8D0D-F425B0EB066D}.Release|Any CPU.ActiveCfg = Release|Any CPU
		{4AFE2538-9369-423C-8D0D-F425B0EB066D}.Release|Any CPU.Build.0 = Release|Any CPU
		{AC13E2F0-9BFB-4338-A637-0BC97BABB994}.Debug|Any CPU.ActiveCfg = Debug|Any CPU
		{AC13E2F0-9BFB-4338-A637-0BC97BABB994}.Debug|Any CPU.Build.0 = Debug|Any CPU
		{AC13E2F0-9BFB-4338-A637-0BC97BABB994}.Release|Any CPU.ActiveCfg = Release|Any CPU
		{AC13E2F0-9BFB-4338-A637-0BC97BABB994}.Release|Any CPU.Build.0 = Release|Any CPU
		{C2ABF395-364D-4C35-9BE5-58E1E1C2FDAE}.Debug|Any CPU.ActiveCfg = Debug|Any CPU
		{C2ABF395-364D-4C35-9BE5-58E1E1C2FDAE}.Debug|Any CPU.Build.0 = Debug|Any CPU
		{C2ABF395-364D-4C35-9BE5-58E1E1C2FDAE}.Release|Any CPU.ActiveCfg = Release|Any CPU
		{C2ABF395-364D-4C35-9BE5-58E1E1C2FDAE}.Release|Any CPU.Build.0 = Release|Any CPU
		{AC556149-7182-477B-8450-E235A71687CA}.Debug|Any CPU.ActiveCfg = Debug|Any CPU
		{AC556149-7182-477B-8450-E235A71687CA}.Debug|Any CPU.Build.0 = Debug|Any CPU
		{AC556149-7182-477B-8450-E235A71687CA}.Release|Any CPU.ActiveCfg = Release|Any CPU
		{AC556149-7182-477B-8450-E235A71687CA}.Release|Any CPU.Build.0 = Release|Any CPU
		{24170EBE-E6CD-46FE-9D1A-F39803CFC334}.Debug|Any CPU.ActiveCfg = Debug|Any CPU
		{24170EBE-E6CD-46FE-9D1A-F39803CFC334}.Debug|Any CPU.Build.0 = Debug|Any CPU
		{24170EBE-E6CD-46FE-9D1A-F39803CFC334}.Release|Any CPU.ActiveCfg = Release|Any CPU
		{24170EBE-E6CD-46FE-9D1A-F39803CFC334}.Release|Any CPU.Build.0 = Release|Any CPU
		{A4334645-993E-4395-81EF-7EA5C55A99B7}.Debug|Any CPU.ActiveCfg = Debug|Any CPU
		{A4334645-993E-4395-81EF-7EA5C55A99B7}.Debug|Any CPU.Build.0 = Debug|Any CPU
		{A4334645-993E-4395-81EF-7EA5C55A99B7}.Release|Any CPU.ActiveCfg = Release|Any CPU
		{A4334645-993E-4395-81EF-7EA5C55A99B7}.Release|Any CPU.Build.0 = Release|Any CPU
		{C2DD07C1-0084-4DA2-B5A7-B9CC90CFEFF8}.Debug|Any CPU.ActiveCfg = Debug|Any CPU
		{C2DD07C1-0084-4DA2-B5A7-B9CC90CFEFF8}.Debug|Any CPU.Build.0 = Debug|Any CPU
		{C2DD07C1-0084-4DA2-B5A7-B9CC90CFEFF8}.Release|Any CPU.ActiveCfg = Release|Any CPU
		{C2DD07C1-0084-4DA2-B5A7-B9CC90CFEFF8}.Release|Any CPU.Build.0 = Release|Any CPU
		{F6113C10-2A24-461D-9E3F-509B6637B795}.Debug|Any CPU.ActiveCfg = Debug|Any CPU
		{F6113C10-2A24-461D-9E3F-509B6637B795}.Debug|Any CPU.Build.0 = Debug|Any CPU
		{F6113C10-2A24-461D-9E3F-509B6637B795}.Release|Any CPU.ActiveCfg = Release|Any CPU
		{F6113C10-2A24-461D-9E3F-509B6637B795}.Release|Any CPU.Build.0 = Release|Any CPU
		{93F48DAB-DE83-4F08-93F7-8275528DA132}.Debug|Any CPU.ActiveCfg = Debug|Any CPU
		{93F48DAB-DE83-4F08-93F7-8275528DA132}.Debug|Any CPU.Build.0 = Debug|Any CPU
		{93F48DAB-DE83-4F08-93F7-8275528DA132}.Release|Any CPU.ActiveCfg = Release|Any CPU
		{93F48DAB-DE83-4F08-93F7-8275528DA132}.Release|Any CPU.Build.0 = Release|Any CPU
		{45683B1A-51F9-4DB2-8C8F-F34B5C30D40E}.Debug|Any CPU.ActiveCfg = Debug|Any CPU
		{45683B1A-51F9-4DB2-8C8F-F34B5C30D40E}.Debug|Any CPU.Build.0 = Debug|Any CPU
		{45683B1A-51F9-4DB2-8C8F-F34B5C30D40E}.Release|Any CPU.ActiveCfg = Release|Any CPU
		{45683B1A-51F9-4DB2-8C8F-F34B5C30D40E}.Release|Any CPU.Build.0 = Release|Any CPU
		{5CD39E23-751A-4730-96B2-01896D7DB825}.Debug|Any CPU.ActiveCfg = Debug|Any CPU
		{5CD39E23-751A-4730-96B2-01896D7DB825}.Debug|Any CPU.Build.0 = Debug|Any CPU
		{5CD39E23-751A-4730-96B2-01896D7DB825}.Release|Any CPU.ActiveCfg = Release|Any CPU
		{5CD39E23-751A-4730-96B2-01896D7DB825}.Release|Any CPU.Build.0 = Release|Any CPU
		{0B07E5AF-0017-4AD8-9988-1683E2CF3416}.Debug|Any CPU.ActiveCfg = Debug|Any CPU
		{0B07E5AF-0017-4AD8-9988-1683E2CF3416}.Debug|Any CPU.Build.0 = Debug|Any CPU
		{0B07E5AF-0017-4AD8-9988-1683E2CF3416}.Release|Any CPU.ActiveCfg = Release|Any CPU
		{0B07E5AF-0017-4AD8-9988-1683E2CF3416}.Release|Any CPU.Build.0 = Release|Any CPU
		{98EC297D-A1C2-4A0D-81EC-6F121B35262F}.Debug|Any CPU.ActiveCfg = Debug|Any CPU
		{98EC297D-A1C2-4A0D-81EC-6F121B35262F}.Debug|Any CPU.Build.0 = Debug|Any CPU
		{98EC297D-A1C2-4A0D-81EC-6F121B35262F}.Release|Any CPU.ActiveCfg = Release|Any CPU
		{98EC297D-A1C2-4A0D-81EC-6F121B35262F}.Release|Any CPU.Build.0 = Release|Any CPU
		{C2EE1C30-35F4-4298-8ABF-13F079627BCD}.Debug|Any CPU.ActiveCfg = Debug|Any CPU
		{C2EE1C30-35F4-4298-8ABF-13F079627BCD}.Debug|Any CPU.Build.0 = Debug|Any CPU
		{C2EE1C30-35F4-4298-8ABF-13F079627BCD}.Release|Any CPU.ActiveCfg = Release|Any CPU
		{C2EE1C30-35F4-4298-8ABF-13F079627BCD}.Release|Any CPU.Build.0 = Release|Any CPU
		{9B8ECD27-1D8A-46A5-BEA3-ED077D6FC77E}.Debug|Any CPU.ActiveCfg = Debug|Any CPU
		{9B8ECD27-1D8A-46A5-BEA3-ED077D6FC77E}.Debug|Any CPU.Build.0 = Debug|Any CPU
		{9B8ECD27-1D8A-46A5-BEA3-ED077D6FC77E}.Release|Any CPU.ActiveCfg = Release|Any CPU
		{9B8ECD27-1D8A-46A5-BEA3-ED077D6FC77E}.Release|Any CPU.Build.0 = Release|Any CPU
		{DC049F76-BDB5-4E0C-9137-4A4C21E79A8A}.Debug|Any CPU.ActiveCfg = Debug|Any CPU
		{DC049F76-BDB5-4E0C-9137-4A4C21E79A8A}.Debug|Any CPU.Build.0 = Debug|Any CPU
		{DC049F76-BDB5-4E0C-9137-4A4C21E79A8A}.Release|Any CPU.ActiveCfg = Release|Any CPU
		{DC049F76-BDB5-4E0C-9137-4A4C21E79A8A}.Release|Any CPU.Build.0 = Release|Any CPU
		{939C49D6-4AE2-42E2-8BDF-DC4BF7FEDDCA}.Debug|Any CPU.ActiveCfg = Debug|Any CPU
		{939C49D6-4AE2-42E2-8BDF-DC4BF7FEDDCA}.Debug|Any CPU.Build.0 = Debug|Any CPU
		{939C49D6-4AE2-42E2-8BDF-DC4BF7FEDDCA}.Release|Any CPU.ActiveCfg = Release|Any CPU
		{939C49D6-4AE2-42E2-8BDF-DC4BF7FEDDCA}.Release|Any CPU.Build.0 = Release|Any CPU
		{21DF1730-7B60-4211-BB8A-819581A1B9EF}.Debug|Any CPU.ActiveCfg = Debug|Any CPU
		{21DF1730-7B60-4211-BB8A-819581A1B9EF}.Debug|Any CPU.Build.0 = Debug|Any CPU
		{21DF1730-7B60-4211-BB8A-819581A1B9EF}.Release|Any CPU.ActiveCfg = Release|Any CPU
		{21DF1730-7B60-4211-BB8A-819581A1B9EF}.Release|Any CPU.Build.0 = Release|Any CPU
		{015A4B4B-B5DE-446D-95CE-DE8F72A670DD}.Debug|Any CPU.ActiveCfg = Debug|Any CPU
		{015A4B4B-B5DE-446D-95CE-DE8F72A670DD}.Debug|Any CPU.Build.0 = Debug|Any CPU
		{015A4B4B-B5DE-446D-95CE-DE8F72A670DD}.Release|Any CPU.ActiveCfg = Release|Any CPU
		{015A4B4B-B5DE-446D-95CE-DE8F72A670DD}.Release|Any CPU.Build.0 = Release|Any CPU
		{D7FDC9B2-DF9B-43C5-977F-E22B2B787070}.Debug|Any CPU.ActiveCfg = Debug|Any CPU
		{D7FDC9B2-DF9B-43C5-977F-E22B2B787070}.Debug|Any CPU.Build.0 = Debug|Any CPU
		{D7FDC9B2-DF9B-43C5-977F-E22B2B787070}.Release|Any CPU.ActiveCfg = Release|Any CPU
		{D7FDC9B2-DF9B-43C5-977F-E22B2B787070}.Release|Any CPU.Build.0 = Release|Any CPU
		{6A3C1087-2C5A-4EA6-9048-D7C987CDB70A}.Debug|Any CPU.ActiveCfg = Debug|Any CPU
		{6A3C1087-2C5A-4EA6-9048-D7C987CDB70A}.Debug|Any CPU.Build.0 = Debug|Any CPU
		{6A3C1087-2C5A-4EA6-9048-D7C987CDB70A}.Release|Any CPU.ActiveCfg = Release|Any CPU
		{6A3C1087-2C5A-4EA6-9048-D7C987CDB70A}.Release|Any CPU.Build.0 = Release|Any CPU
		{A92F78E6-FCD8-4E98-83AA-F97E210A4EDF}.Debug|Any CPU.ActiveCfg = Debug|Any CPU
		{A92F78E6-FCD8-4E98-83AA-F97E210A4EDF}.Debug|Any CPU.Build.0 = Debug|Any CPU
		{A92F78E6-FCD8-4E98-83AA-F97E210A4EDF}.Release|Any CPU.ActiveCfg = Release|Any CPU
		{A92F78E6-FCD8-4E98-83AA-F97E210A4EDF}.Release|Any CPU.Build.0 = Release|Any CPU
		{7C51D345-98AC-4F26-968D-759E66BC7A95}.Debug|Any CPU.ActiveCfg = Debug|Any CPU
		{7C51D345-98AC-4F26-968D-759E66BC7A95}.Debug|Any CPU.Build.0 = Debug|Any CPU
		{7C51D345-98AC-4F26-968D-759E66BC7A95}.Release|Any CPU.ActiveCfg = Release|Any CPU
		{7C51D345-98AC-4F26-968D-759E66BC7A95}.Release|Any CPU.Build.0 = Release|Any CPU
		{B339B88A-3D66-4951-9C1F-EAC920B7C5EE}.Debug|Any CPU.ActiveCfg = Debug|Any CPU
		{B339B88A-3D66-4951-9C1F-EAC920B7C5EE}.Debug|Any CPU.Build.0 = Debug|Any CPU
		{B339B88A-3D66-4951-9C1F-EAC920B7C5EE}.Release|Any CPU.ActiveCfg = Release|Any CPU
		{B339B88A-3D66-4951-9C1F-EAC920B7C5EE}.Release|Any CPU.Build.0 = Release|Any CPU
		{4511B0FA-CA80-4544-A296-776A961DA86A}.Debug|Any CPU.ActiveCfg = Debug|Any CPU
		{4511B0FA-CA80-4544-A296-776A961DA86A}.Debug|Any CPU.Build.0 = Debug|Any CPU
		{4511B0FA-CA80-4544-A296-776A961DA86A}.Release|Any CPU.ActiveCfg = Release|Any CPU
		{4511B0FA-CA80-4544-A296-776A961DA86A}.Release|Any CPU.Build.0 = Release|Any CPU
		{C831595D-E350-4A58-BF60-8CC3980E4668}.Debug|Any CPU.ActiveCfg = Debug|Any CPU
		{C831595D-E350-4A58-BF60-8CC3980E4668}.Debug|Any CPU.Build.0 = Debug|Any CPU
		{C831595D-E350-4A58-BF60-8CC3980E4668}.Release|Any CPU.ActiveCfg = Release|Any CPU
		{C831595D-E350-4A58-BF60-8CC3980E4668}.Release|Any CPU.Build.0 = Release|Any CPU
		{8C0C69F1-D467-4922-A1CC-7556F3217F36}.Debug|Any CPU.ActiveCfg = Debug|Any CPU
		{8C0C69F1-D467-4922-A1CC-7556F3217F36}.Debug|Any CPU.Build.0 = Debug|Any CPU
		{8C0C69F1-D467-4922-A1CC-7556F3217F36}.Release|Any CPU.ActiveCfg = Release|Any CPU
		{8C0C69F1-D467-4922-A1CC-7556F3217F36}.Release|Any CPU.Build.0 = Release|Any CPU
		{23DA5E6D-291A-4477-9192-3560E304400D}.Debug|Any CPU.ActiveCfg = Debug|Any CPU
		{23DA5E6D-291A-4477-9192-3560E304400D}.Debug|Any CPU.Build.0 = Debug|Any CPU
		{23DA5E6D-291A-4477-9192-3560E304400D}.Release|Any CPU.ActiveCfg = Release|Any CPU
		{23DA5E6D-291A-4477-9192-3560E304400D}.Release|Any CPU.Build.0 = Release|Any CPU
		{55CF777D-BDF4-4197-809A-32A380D60356}.Debug|Any CPU.ActiveCfg = Debug|Any CPU
		{55CF777D-BDF4-4197-809A-32A380D60356}.Debug|Any CPU.Build.0 = Debug|Any CPU
		{55CF777D-BDF4-4197-809A-32A380D60356}.Release|Any CPU.ActiveCfg = Release|Any CPU
		{55CF777D-BDF4-4197-809A-32A380D60356}.Release|Any CPU.Build.0 = Release|Any CPU
		{D5319D4A-2C5B-4BD8-A02C-59B7D2916564}.Debug|Any CPU.ActiveCfg = Debug|Any CPU
		{D5319D4A-2C5B-4BD8-A02C-59B7D2916564}.Debug|Any CPU.Build.0 = Debug|Any CPU
		{D5319D4A-2C5B-4BD8-A02C-59B7D2916564}.Release|Any CPU.ActiveCfg = Release|Any CPU
		{D5319D4A-2C5B-4BD8-A02C-59B7D2916564}.Release|Any CPU.Build.0 = Release|Any CPU
		{4F41FCFD-52BD-43C5-8585-070D2BE86A84}.Debug|Any CPU.ActiveCfg = Debug|Any CPU
		{4F41FCFD-52BD-43C5-8585-070D2BE86A84}.Debug|Any CPU.Build.0 = Debug|Any CPU
		{4F41FCFD-52BD-43C5-8585-070D2BE86A84}.Release|Any CPU.ActiveCfg = Release|Any CPU
		{4F41FCFD-52BD-43C5-8585-070D2BE86A84}.Release|Any CPU.Build.0 = Release|Any CPU
		{3323CB9A-4769-42BD-B223-7E4417E0C6D9}.Debug|Any CPU.ActiveCfg = Debug|Any CPU
		{3323CB9A-4769-42BD-B223-7E4417E0C6D9}.Debug|Any CPU.Build.0 = Debug|Any CPU
		{3323CB9A-4769-42BD-B223-7E4417E0C6D9}.Release|Any CPU.ActiveCfg = Release|Any CPU
		{3323CB9A-4769-42BD-B223-7E4417E0C6D9}.Release|Any CPU.Build.0 = Release|Any CPU
		{8BBDADDF-15A4-488F-A4B2-AEB76599ADDA}.Debug|Any CPU.ActiveCfg = Debug|Any CPU
		{8BBDADDF-15A4-488F-A4B2-AEB76599ADDA}.Debug|Any CPU.Build.0 = Debug|Any CPU
		{8BBDADDF-15A4-488F-A4B2-AEB76599ADDA}.Release|Any CPU.ActiveCfg = Release|Any CPU
		{8BBDADDF-15A4-488F-A4B2-AEB76599ADDA}.Release|Any CPU.Build.0 = Release|Any CPU
		{B358C200-F4D7-4CD0-954F-0A1E369F2869}.Debug|Any CPU.ActiveCfg = Debug|Any CPU
		{B358C200-F4D7-4CD0-954F-0A1E369F2869}.Debug|Any CPU.Build.0 = Debug|Any CPU
		{B358C200-F4D7-4CD0-954F-0A1E369F2869}.Release|Any CPU.ActiveCfg = Release|Any CPU
		{B358C200-F4D7-4CD0-954F-0A1E369F2869}.Release|Any CPU.Build.0 = Release|Any CPU
		{61AF91E7-BC41-4470-BA6D-66008990B657}.Debug|Any CPU.ActiveCfg = Debug|Any CPU
		{61AF91E7-BC41-4470-BA6D-66008990B657}.Debug|Any CPU.Build.0 = Debug|Any CPU
		{61AF91E7-BC41-4470-BA6D-66008990B657}.Release|Any CPU.ActiveCfg = Release|Any CPU
		{61AF91E7-BC41-4470-BA6D-66008990B657}.Release|Any CPU.Build.0 = Release|Any CPU
		{33785D9A-E039-4671-91D9-F9850585F5E4}.Debug|Any CPU.ActiveCfg = Debug|Any CPU
		{33785D9A-E039-4671-91D9-F9850585F5E4}.Debug|Any CPU.Build.0 = Debug|Any CPU
		{33785D9A-E039-4671-91D9-F9850585F5E4}.Release|Any CPU.ActiveCfg = Release|Any CPU
		{33785D9A-E039-4671-91D9-F9850585F5E4}.Release|Any CPU.Build.0 = Release|Any CPU
		{88B04135-883D-46C9-9CEB-8646B2C89E22}.Debug|Any CPU.ActiveCfg = Debug|Any CPU
		{88B04135-883D-46C9-9CEB-8646B2C89E22}.Debug|Any CPU.Build.0 = Debug|Any CPU
		{88B04135-883D-46C9-9CEB-8646B2C89E22}.Release|Any CPU.ActiveCfg = Release|Any CPU
		{88B04135-883D-46C9-9CEB-8646B2C89E22}.Release|Any CPU.Build.0 = Release|Any CPU
		{522739EE-DA6F-471E-9585-E0CCE1D0BF58}.Debug|Any CPU.ActiveCfg = Debug|Any CPU
		{522739EE-DA6F-471E-9585-E0CCE1D0BF58}.Debug|Any CPU.Build.0 = Debug|Any CPU
		{522739EE-DA6F-471E-9585-E0CCE1D0BF58}.Release|Any CPU.ActiveCfg = Release|Any CPU
		{522739EE-DA6F-471E-9585-E0CCE1D0BF58}.Release|Any CPU.Build.0 = Release|Any CPU
		{5444CE64-8C66-4602-B39F-5B5E737FCB71}.Debug|Any CPU.ActiveCfg = Debug|Any CPU
		{5444CE64-8C66-4602-B39F-5B5E737FCB71}.Debug|Any CPU.Build.0 = Debug|Any CPU
		{5444CE64-8C66-4602-B39F-5B5E737FCB71}.Release|Any CPU.ActiveCfg = Release|Any CPU
		{5444CE64-8C66-4602-B39F-5B5E737FCB71}.Release|Any CPU.Build.0 = Release|Any CPU
		{F5461ACD-0763-4F69-ACFC-C11F83728834}.Debug|Any CPU.ActiveCfg = Debug|Any CPU
		{F5461ACD-0763-4F69-ACFC-C11F83728834}.Debug|Any CPU.Build.0 = Debug|Any CPU
		{F5461ACD-0763-4F69-ACFC-C11F83728834}.Release|Any CPU.ActiveCfg = Release|Any CPU
		{F5461ACD-0763-4F69-ACFC-C11F83728834}.Release|Any CPU.Build.0 = Release|Any CPU
		{8D61D4C8-CA8D-43CE-8DDC-1A5D524A496E}.Debug|Any CPU.ActiveCfg = Debug|Any CPU
		{8D61D4C8-CA8D-43CE-8DDC-1A5D524A496E}.Debug|Any CPU.Build.0 = Debug|Any CPU
		{8D61D4C8-CA8D-43CE-8DDC-1A5D524A496E}.Release|Any CPU.ActiveCfg = Release|Any CPU
		{8D61D4C8-CA8D-43CE-8DDC-1A5D524A496E}.Release|Any CPU.Build.0 = Release|Any CPU
		{09703FCF-1AE0-4B74-8176-8ACFED916BBF}.Debug|Any CPU.ActiveCfg = Debug|Any CPU
		{09703FCF-1AE0-4B74-8176-8ACFED916BBF}.Debug|Any CPU.Build.0 = Debug|Any CPU
		{09703FCF-1AE0-4B74-8176-8ACFED916BBF}.Release|Any CPU.ActiveCfg = Release|Any CPU
		{09703FCF-1AE0-4B74-8176-8ACFED916BBF}.Release|Any CPU.Build.0 = Release|Any CPU
		{5F18422E-F5DA-4FA6-B0E1-2C50014517BD}.Debug|Any CPU.ActiveCfg = Debug|Any CPU
		{5F18422E-F5DA-4FA6-B0E1-2C50014517BD}.Debug|Any CPU.Build.0 = Debug|Any CPU
		{5F18422E-F5DA-4FA6-B0E1-2C50014517BD}.Release|Any CPU.ActiveCfg = Release|Any CPU
		{5F18422E-F5DA-4FA6-B0E1-2C50014517BD}.Release|Any CPU.Build.0 = Release|Any CPU
		{CD2AC0EB-7FF3-4AD0-BA05-65EBDA2B8382}.Debug|Any CPU.ActiveCfg = Debug|Any CPU
		{CD2AC0EB-7FF3-4AD0-BA05-65EBDA2B8382}.Debug|Any CPU.Build.0 = Debug|Any CPU
		{CD2AC0EB-7FF3-4AD0-BA05-65EBDA2B8382}.Release|Any CPU.ActiveCfg = Release|Any CPU
		{CD2AC0EB-7FF3-4AD0-BA05-65EBDA2B8382}.Release|Any CPU.Build.0 = Release|Any CPU
		{777BC273-3E06-4628-9926-096057D13CA3}.Debug|Any CPU.ActiveCfg = Debug|Any CPU
		{777BC273-3E06-4628-9926-096057D13CA3}.Debug|Any CPU.Build.0 = Debug|Any CPU
		{777BC273-3E06-4628-9926-096057D13CA3}.Release|Any CPU.ActiveCfg = Release|Any CPU
		{777BC273-3E06-4628-9926-096057D13CA3}.Release|Any CPU.Build.0 = Release|Any CPU
		{26044F2F-9EC4-4E00-BEE1-A629BE672D9E}.Debug|Any CPU.ActiveCfg = Debug|Any CPU
		{26044F2F-9EC4-4E00-BEE1-A629BE672D9E}.Debug|Any CPU.Build.0 = Debug|Any CPU
		{26044F2F-9EC4-4E00-BEE1-A629BE672D9E}.Release|Any CPU.ActiveCfg = Release|Any CPU
		{26044F2F-9EC4-4E00-BEE1-A629BE672D9E}.Release|Any CPU.Build.0 = Release|Any CPU
		{AF325576-36BC-48AF-B16A-1ECBED587A65}.Debug|Any CPU.ActiveCfg = Debug|Any CPU
		{AF325576-36BC-48AF-B16A-1ECBED587A65}.Debug|Any CPU.Build.0 = Debug|Any CPU
		{AF325576-36BC-48AF-B16A-1ECBED587A65}.Release|Any CPU.ActiveCfg = Release|Any CPU
		{AF325576-36BC-48AF-B16A-1ECBED587A65}.Release|Any CPU.Build.0 = Release|Any CPU
		{4AF533A1-F493-4D8C-AF5D-3C41DDE4EED5}.Debug|Any CPU.ActiveCfg = Debug|Any CPU
		{4AF533A1-F493-4D8C-AF5D-3C41DDE4EED5}.Debug|Any CPU.Build.0 = Debug|Any CPU
		{4AF533A1-F493-4D8C-AF5D-3C41DDE4EED5}.Release|Any CPU.ActiveCfg = Release|Any CPU
		{4AF533A1-F493-4D8C-AF5D-3C41DDE4EED5}.Release|Any CPU.Build.0 = Release|Any CPU
		{8ED0BBD7-1257-4EB3-81D5-0BD0C8C10EBD}.Debug|Any CPU.ActiveCfg = Debug|Any CPU
		{8ED0BBD7-1257-4EB3-81D5-0BD0C8C10EBD}.Debug|Any CPU.Build.0 = Debug|Any CPU
		{8ED0BBD7-1257-4EB3-81D5-0BD0C8C10EBD}.Release|Any CPU.ActiveCfg = Release|Any CPU
		{8ED0BBD7-1257-4EB3-81D5-0BD0C8C10EBD}.Release|Any CPU.Build.0 = Release|Any CPU
		{7E7EBDEA-9316-4BFF-A249-934B54F4E190}.Debug|Any CPU.ActiveCfg = Debug|Any CPU
		{7E7EBDEA-9316-4BFF-A249-934B54F4E190}.Debug|Any CPU.Build.0 = Debug|Any CPU
		{7E7EBDEA-9316-4BFF-A249-934B54F4E190}.Release|Any CPU.ActiveCfg = Release|Any CPU
		{7E7EBDEA-9316-4BFF-A249-934B54F4E190}.Release|Any CPU.Build.0 = Release|Any CPU
		{D8FC7A34-6746-43DD-B41E-D1571C49840E}.Debug|Any CPU.ActiveCfg = Debug|Any CPU
		{D8FC7A34-6746-43DD-B41E-D1571C49840E}.Debug|Any CPU.Build.0 = Debug|Any CPU
		{D8FC7A34-6746-43DD-B41E-D1571C49840E}.Release|Any CPU.ActiveCfg = Release|Any CPU
		{D8FC7A34-6746-43DD-B41E-D1571C49840E}.Release|Any CPU.Build.0 = Release|Any CPU
		{2A8F03BB-A525-4076-B594-4F699B7059CD}.Debug|Any CPU.ActiveCfg = Debug|Any CPU
		{2A8F03BB-A525-4076-B594-4F699B7059CD}.Debug|Any CPU.Build.0 = Debug|Any CPU
		{2A8F03BB-A525-4076-B594-4F699B7059CD}.Release|Any CPU.ActiveCfg = Release|Any CPU
		{2A8F03BB-A525-4076-B594-4F699B7059CD}.Release|Any CPU.Build.0 = Release|Any CPU
		{9739F653-B8AD-405C-B811-5162FC17A674}.Debug|Any CPU.ActiveCfg = Debug|Any CPU
		{9739F653-B8AD-405C-B811-5162FC17A674}.Debug|Any CPU.Build.0 = Debug|Any CPU
		{9739F653-B8AD-405C-B811-5162FC17A674}.Release|Any CPU.ActiveCfg = Release|Any CPU
		{9739F653-B8AD-405C-B811-5162FC17A674}.Release|Any CPU.Build.0 = Release|Any CPU
		{8B153EF5-041C-4C9A-AA48-55D28779E0BB}.Debug|Any CPU.ActiveCfg = Debug|Any CPU
		{8B153EF5-041C-4C9A-AA48-55D28779E0BB}.Debug|Any CPU.Build.0 = Debug|Any CPU
		{8B153EF5-041C-4C9A-AA48-55D28779E0BB}.Release|Any CPU.ActiveCfg = Release|Any CPU
		{8B153EF5-041C-4C9A-AA48-55D28779E0BB}.Release|Any CPU.Build.0 = Release|Any CPU
		{EE91C326-DAFE-4393-8946-4B9C9268D4D6}.Debug|Any CPU.ActiveCfg = Debug|Any CPU
		{EE91C326-DAFE-4393-8946-4B9C9268D4D6}.Debug|Any CPU.Build.0 = Debug|Any CPU
		{EE91C326-DAFE-4393-8946-4B9C9268D4D6}.Release|Any CPU.ActiveCfg = Release|Any CPU
		{EE91C326-DAFE-4393-8946-4B9C9268D4D6}.Release|Any CPU.Build.0 = Release|Any CPU
		{5F0A213A-CFBC-4CB4-82B9-BDDE5AC75CA2}.Debug|Any CPU.ActiveCfg = Debug|Any CPU
		{5F0A213A-CFBC-4CB4-82B9-BDDE5AC75CA2}.Debug|Any CPU.Build.0 = Debug|Any CPU
		{5F0A213A-CFBC-4CB4-82B9-BDDE5AC75CA2}.Release|Any CPU.ActiveCfg = Release|Any CPU
		{5F0A213A-CFBC-4CB4-82B9-BDDE5AC75CA2}.Release|Any CPU.Build.0 = Release|Any CPU
		{A96F03F9-E386-4656-AE89-CFD0F3D811FC}.Debug|Any CPU.ActiveCfg = Debug|Any CPU
		{A96F03F9-E386-4656-AE89-CFD0F3D811FC}.Debug|Any CPU.Build.0 = Debug|Any CPU
		{A96F03F9-E386-4656-AE89-CFD0F3D811FC}.Release|Any CPU.ActiveCfg = Release|Any CPU
		{A96F03F9-E386-4656-AE89-CFD0F3D811FC}.Release|Any CPU.Build.0 = Release|Any CPU
		{F3165E4A-3C21-450D-BD10-9501394C9BBA}.Debug|Any CPU.ActiveCfg = Debug|Any CPU
		{F3165E4A-3C21-450D-BD10-9501394C9BBA}.Debug|Any CPU.Build.0 = Debug|Any CPU
		{F3165E4A-3C21-450D-BD10-9501394C9BBA}.Release|Any CPU.ActiveCfg = Release|Any CPU
		{F3165E4A-3C21-450D-BD10-9501394C9BBA}.Release|Any CPU.Build.0 = Release|Any CPU
		{055BC6C7-18AA-4AD4-A630-80976D22F01D}.Debug|Any CPU.ActiveCfg = Debug|Any CPU
		{055BC6C7-18AA-4AD4-A630-80976D22F01D}.Debug|Any CPU.Build.0 = Debug|Any CPU
		{055BC6C7-18AA-4AD4-A630-80976D22F01D}.Release|Any CPU.ActiveCfg = Release|Any CPU
		{055BC6C7-18AA-4AD4-A630-80976D22F01D}.Release|Any CPU.Build.0 = Release|Any CPU
		{AC629D1D-0B88-42B5-940D-9D4922A86CD2}.Debug|Any CPU.ActiveCfg = Debug|Any CPU
		{AC629D1D-0B88-42B5-940D-9D4922A86CD2}.Debug|Any CPU.Build.0 = Debug|Any CPU
		{AC629D1D-0B88-42B5-940D-9D4922A86CD2}.Release|Any CPU.ActiveCfg = Release|Any CPU
		{AC629D1D-0B88-42B5-940D-9D4922A86CD2}.Release|Any CPU.Build.0 = Release|Any CPU
		{A9781046-B869-4C29-BA30-3D4D80FE2733}.Debug|Any CPU.ActiveCfg = Debug|Any CPU
		{A9781046-B869-4C29-BA30-3D4D80FE2733}.Debug|Any CPU.Build.0 = Debug|Any CPU
		{A9781046-B869-4C29-BA30-3D4D80FE2733}.Release|Any CPU.ActiveCfg = Release|Any CPU
		{A9781046-B869-4C29-BA30-3D4D80FE2733}.Release|Any CPU.Build.0 = Release|Any CPU
	EndGlobalSection
	GlobalSection(SolutionProperties) = preSolution
		HideSolutionNode = FALSE
	EndGlobalSection
	GlobalSection(NestedProjects) = preSolution
		{B39B82B8-79EA-4E46-A0E6-773A908ED7E1} = {C3EAE219-7C8B-4C0B-B9AA-C36E59A59874}
		{D24DFCCC-9F27-45A9-A13E-76868AD37CC3} = {70D8C683-F9A5-40DF-8DD5-C4195B6B7399}
		{940E308B-6B9F-458A-941C-23C9F05D7470} = {3D96554B-7E73-4CD9-843D-9F46D994995B}
		{F4E5AC81-5B57-4FA9-A068-918384E4FAA9} = {9D7CBF9D-B62B-4982-A9C7-C5E5D8FCBC6E}
		{346EA8DB-B047-4F1C-ADE4-61FEB07CF09E} = {940E308B-6B9F-458A-941C-23C9F05D7470}
		{F3A67679-1DE4-4F09-9937-ADD5278DF649} = {940E308B-6B9F-458A-941C-23C9F05D7470}
		{70D8C683-F9A5-40DF-8DD5-C4195B6B7399} = {FA3B4DBA-EFD5-431A-B5F8-074975E4D91B}
		{3D186F03-FC37-4E73-BA75-80CAEC161E90} = {FA3B4DBA-EFD5-431A-B5F8-074975E4D91B}
		{C56C651D-52EC-4DE8-BF2D-5412DC76E6F7} = {FA3B4DBA-EFD5-431A-B5F8-074975E4D91B}
		{5BCD343A-CA3E-421F-A684-F6CC9E418432} = {70D8C683-F9A5-40DF-8DD5-C4195B6B7399}
		{6AC357DF-DFAE-4908-8159-E1D37B0F84E1} = {C56C651D-52EC-4DE8-BF2D-5412DC76E6F7}
		{572A539C-5F0A-4D66-B69A-B26AC43446A0} = {C56C651D-52EC-4DE8-BF2D-5412DC76E6F7}
		{C90D2723-A55E-4730-93CE-E58A410598CB} = {C3EAE219-7C8B-4C0B-B9AA-C36E59A59874}
		{3D96554B-7E73-4CD9-843D-9F46D994995B} = {9A88ACE1-E08A-4650-93AD-A84642F274BB}
		{06501884-8A36-46F1-B1AC-A5498429A42C} = {3D96554B-7E73-4CD9-843D-9F46D994995B}
		{8A8B1219-15F8-4FD4-9E91-F0A9388CB3A7} = {06501884-8A36-46F1-B1AC-A5498429A42C}
		{C149BEAF-07BF-4E4C-8D83-92FA0CFA7FA3} = {3D96554B-7E73-4CD9-843D-9F46D994995B}
		{574BEF69-BC4A-41FB-B26B-629B80A833B6} = {C149BEAF-07BF-4E4C-8D83-92FA0CFA7FA3}
		{F9166681-3D72-488E-B12B-A1ABD9BD3F64} = {9A88ACE1-E08A-4650-93AD-A84642F274BB}
		{276BE20E-9EA6-452D-9681-B4D81BFA2639} = {3C70F0A5-9351-4CDB-A528-6298ABF311E1}
		{2A73AD41-CFFE-49C4-AE11-D9BCC99720DB} = {9032A52D-1BA4-41CD-9C37-00796A723861}
		{4ABFAC0E-ACA3-47D4-89CE-30E23517E53A} = {06501884-8A36-46F1-B1AC-A5498429A42C}
		{7ED108FB-BC0A-46EF-97CA-752424566149} = {06501884-8A36-46F1-B1AC-A5498429A42C}
		{E215F208-6338-4322-A5B9-E24EE7FC20F8} = {06501884-8A36-46F1-B1AC-A5498429A42C}
		{622CE258-3670-4A9F-B9F3-E852A1B35E61} = {C149BEAF-07BF-4E4C-8D83-92FA0CFA7FA3}
		{3C70F0A5-9351-4CDB-A528-6298ABF311E1} = {F9166681-3D72-488E-B12B-A1ABD9BD3F64}
		{9032A52D-1BA4-41CD-9C37-00796A723861} = {F9166681-3D72-488E-B12B-A1ABD9BD3F64}
		{101F4E47-EE5B-4BEC-BFAD-13745CBF82BB} = {3C70F0A5-9351-4CDB-A528-6298ABF311E1}
		{9D7CBF9D-B62B-4982-A9C7-C5E5D8FCBC6E} = {3F304EDC-E2D8-4A01-B168-01114FDF0335}
		{6D65B6DF-7FD5-480E-9797-81360439C4EA} = {3F304EDC-E2D8-4A01-B168-01114FDF0335}
		{5035F9C7-5D86-4212-A8F4-5C068134694B} = {6D65B6DF-7FD5-480E-9797-81360439C4EA}
		{97DD1E82-58B4-46E1-A83B-0CA81EABB8FE} = {6D65B6DF-7FD5-480E-9797-81360439C4EA}
		{E6F99559-D9A3-4C2F-A06A-2DDF382C51E9} = {9D7CBF9D-B62B-4982-A9C7-C5E5D8FCBC6E}
		{24F377CC-02DC-4956-8E7C-A70B78EB1F87} = {9D7CBF9D-B62B-4982-A9C7-C5E5D8FCBC6E}
		{03E5D0FA-9689-4F04-A13D-290C880FD7D3} = {FA3B4DBA-EFD5-431A-B5F8-074975E4D91B}
		{E617E5F6-742C-4A66-9E35-C3FE91040FBB} = {EE3BCDCF-A2CA-452D-8606-D97C2992C66F}
		{576422D7-5075-4F6B-ABE6-0E16D8F16233} = {03E5D0FA-9689-4F04-A13D-290C880FD7D3}
		{EE3BCDCF-A2CA-452D-8606-D97C2992C66F} = {FA3B4DBA-EFD5-431A-B5F8-074975E4D91B}
		{80B90380-A55D-438B-B6BF-FCDF5C529D3B} = {9A88ACE1-E08A-4650-93AD-A84642F274BB}
		{BDE22BB4-BAFF-4ADD-87FC-7FA0BADA31EA} = {80B90380-A55D-438B-B6BF-FCDF5C529D3B}
		{80CFA080-2AED-4B7F-B122-FC3F64648B56} = {9A88ACE1-E08A-4650-93AD-A84642F274BB}
		{5D81619A-83D9-43A0-9AED-C87110A4EFA6} = {80CFA080-2AED-4B7F-B122-FC3F64648B56}
		{DA018186-5891-4DEE-B0D0-24906007B78B} = {3F304EDC-E2D8-4A01-B168-01114FDF0335}
		{AFA7B6D4-7EF2-493C-9A5A-27334F593269} = {3F304EDC-E2D8-4A01-B168-01114FDF0335}
		{E29A9A40-8893-4199-8661-631AB5917C8E} = {DA018186-5891-4DEE-B0D0-24906007B78B}
		{2A5DBF3B-8041-45AA-998E-12C36201C436} = {AFA7B6D4-7EF2-493C-9A5A-27334F593269}
		{134BDBC1-78AD-4F3C-9FCD-6A43FD41714D} = {FEBCC389-15E9-45D8-894D-D105A725441A}
		{BA75D2BD-D27E-4D49-A30F-972D048DF510} = {134BDBC1-78AD-4F3C-9FCD-6A43FD41714D}
		{D9CADDAB-7D96-4429-B177-546C5C29CDB0} = {70D8C683-F9A5-40DF-8DD5-C4195B6B7399}
		{B1070B92-02F2-4C2C-860F-EEE64C79B46D} = {F9166681-3D72-488E-B12B-A1ABD9BD3F64}
		{7FE7A5AD-2B26-422B-A5C1-DC6966F70391} = {B1070B92-02F2-4C2C-860F-EEE64C79B46D}
		{2B006D6B-CE53-4042-A91D-DC1992BD8D57} = {B1070B92-02F2-4C2C-860F-EEE64C79B46D}
		{4CAD722C-38BC-40EC-9BB8-CC3D24B2523E} = {B1070B92-02F2-4C2C-860F-EEE64C79B46D}
		{CC0F702F-C07B-45CE-930B-DCE56EA69084} = {B1070B92-02F2-4C2C-860F-EEE64C79B46D}
		{0F152334-0C44-49BC-9F5C-D938DED20DF8} = {B1070B92-02F2-4C2C-860F-EEE64C79B46D}
		{59865951-A7E6-4095-8F57-02A86BD4114C} = {B1070B92-02F2-4C2C-860F-EEE64C79B46D}
		{8B598554-CF1C-4AE5-B882-02AC12A8C8D3} = {B1070B92-02F2-4C2C-860F-EEE64C79B46D}
		{F20AB89F-55A5-465E-B405-4F653A84E129} = {B1070B92-02F2-4C2C-860F-EEE64C79B46D}
		{0846D0FE-8544-463B-A1C1-595C2C20A61D} = {B1070B92-02F2-4C2C-860F-EEE64C79B46D}
		{6424FB0C-8BA0-438F-9BA1-C174E7CBD146} = {B1070B92-02F2-4C2C-860F-EEE64C79B46D}
		{60B2D306-3069-45DA-AE1F-2D654C3D0D5F} = {B1070B92-02F2-4C2C-860F-EEE64C79B46D}
		{FB042379-A158-4F00-B016-A0B71E296857} = {B1070B92-02F2-4C2C-860F-EEE64C79B46D}
		{F15A94D6-35E1-4A11-8CDF-010F871942F9} = {B1070B92-02F2-4C2C-860F-EEE64C79B46D}
		{9D22E302-4E44-4300-B48B-4A234DD7D74C} = {B1070B92-02F2-4C2C-860F-EEE64C79B46D}
		{29E57D62-20F8-44AA-964A-8CB2D8BE98D7} = {B1070B92-02F2-4C2C-860F-EEE64C79B46D}
		{DCE1F779-1E78-4CC6-B308-8A5FD5004770} = {B1070B92-02F2-4C2C-860F-EEE64C79B46D}
		{D32B5306-1217-48A8-B3DB-26347B49D764} = {B1070B92-02F2-4C2C-860F-EEE64C79B46D}
		{E1582AE3-A844-48B8-A372-6F1AC1EB5675} = {B1070B92-02F2-4C2C-860F-EEE64C79B46D}
		{6B0D4769-32D5-4485-A52C-67485117B98F} = {70D8C683-F9A5-40DF-8DD5-C4195B6B7399}
		{4B6C3B6E-0382-4810-BD20-AE0B72232A33} = {70D8C683-F9A5-40DF-8DD5-C4195B6B7399}
		{87F8B0BA-3A48-4442-BE24-FA2CA9D7D8A6} = {C56C651D-52EC-4DE8-BF2D-5412DC76E6F7}
		{40E09609-0E9C-434C-925D-F5EC067A6671} = {C3EAE219-7C8B-4C0B-B9AA-C36E59A59874}
		{4AFE2538-9369-423C-8D0D-F425B0EB066D} = {C3EAE219-7C8B-4C0B-B9AA-C36E59A59874}
		{87F04A8B-494E-48FF-B82D-6B49B9429561} = {FA3B4DBA-EFD5-431A-B5F8-074975E4D91B}
		{AC13E2F0-9BFB-4338-A637-0BC97BABB994} = {03E5D0FA-9689-4F04-A13D-290C880FD7D3}
		{958181D5-6B06-4FBF-91B7-3CD308159362} = {9A88ACE1-E08A-4650-93AD-A84642F274BB}
		{C2ABF395-364D-4C35-9BE5-58E1E1C2FDAE} = {87F04A8B-494E-48FF-B82D-6B49B9429561}
		{C2D4FD19-7B44-416A-9421-EEA6D4BF752E} = {9A88ACE1-E08A-4650-93AD-A84642F274BB}
		{AC556149-7182-477B-8450-E235A71687CA} = {3903DCA4-86D5-471E-A522-15C9F6FAC471}
		{24170EBE-E6CD-46FE-9D1A-F39803CFC334} = {51EDC137-1782-4248-97C0-828FDC642ABB}
		{A4334645-993E-4395-81EF-7EA5C55A99B7} = {80CFA080-2AED-4B7F-B122-FC3F64648B56}
		{1500112C-1D18-4FA4-8152-D1BC2D665C24} = {C2D4FD19-7B44-416A-9421-EEA6D4BF752E}
		{C2DD07C1-0084-4DA2-B5A7-B9CC90CFEFF8} = {1500112C-1D18-4FA4-8152-D1BC2D665C24}
		{02CCCF0D-9ED0-4A02-AF3F-A7371FEBBA08} = {3F304EDC-E2D8-4A01-B168-01114FDF0335}
		{F6113C10-2A24-461D-9E3F-509B6637B795} = {02CCCF0D-9ED0-4A02-AF3F-A7371FEBBA08}
		{93F48DAB-DE83-4F08-93F7-8275528DA132} = {02CCCF0D-9ED0-4A02-AF3F-A7371FEBBA08}
		{45683B1A-51F9-4DB2-8C8F-F34B5C30D40E} = {AFA7B6D4-7EF2-493C-9A5A-27334F593269}
		{5CD39E23-751A-4730-96B2-01896D7DB825} = {C56C651D-52EC-4DE8-BF2D-5412DC76E6F7}
		{48A14154-D590-42F7-958C-076C964220CE} = {F9166681-3D72-488E-B12B-A1ABD9BD3F64}
		{0B07E5AF-0017-4AD8-9988-1683E2CF3416} = {B1070B92-02F2-4C2C-860F-EEE64C79B46D}
		{98EC297D-A1C2-4A0D-81EC-6F121B35262F} = {B1070B92-02F2-4C2C-860F-EEE64C79B46D}
		{C2EE1C30-35F4-4298-8ABF-13F079627BCD} = {C3EAE219-7C8B-4C0B-B9AA-C36E59A59874}
		{AE4F7E37-2B06-4767-9B2A-E8645F526F19} = {FA3B4DBA-EFD5-431A-B5F8-074975E4D91B}
		{160ED0DD-FEBA-4684-B4DC-1722B62E5898} = {9A88ACE1-E08A-4650-93AD-A84642F274BB}
		{EF09F87B-BBC0-4AFF-956E-39BF548245E9} = {160ED0DD-FEBA-4684-B4DC-1722B62E5898}
		{9B8ECD27-1D8A-46A5-BEA3-ED077D6FC77E} = {EF09F87B-BBC0-4AFF-956E-39BF548245E9}
		{DC049F76-BDB5-4E0C-9137-4A4C21E79A8A} = {AE4F7E37-2B06-4767-9B2A-E8645F526F19}
		{C8E23D4B-EE5B-4FF5-9934-CDDEA24D584A} = {3F304EDC-E2D8-4A01-B168-01114FDF0335}
		{939C49D6-4AE2-42E2-8BDF-DC4BF7FEDDCA} = {C8E23D4B-EE5B-4FF5-9934-CDDEA24D584A}
		{21DF1730-7B60-4211-BB8A-819581A1B9EF} = {87F04A8B-494E-48FF-B82D-6B49B9429561}
		{90AA702F-038D-4B5D-A194-2D0062E4DB3F} = {FA3B4DBA-EFD5-431A-B5F8-074975E4D91B}
		{015A4B4B-B5DE-446D-95CE-DE8F72A670DD} = {90AA702F-038D-4B5D-A194-2D0062E4DB3F}
		{D7FDC9B2-DF9B-43C5-977F-E22B2B787070} = {90AA702F-038D-4B5D-A194-2D0062E4DB3F}
		{6A3C1087-2C5A-4EA6-9048-D7C987CDB70A} = {958181D5-6B06-4FBF-91B7-3CD308159362}
		{A92F78E6-FCD8-4E98-83AA-F97E210A4EDF} = {958181D5-6B06-4FBF-91B7-3CD308159362}
		{AD69E9A4-0505-4ED8-A106-A00DE4825180} = {3F304EDC-E2D8-4A01-B168-01114FDF0335}
		{7C51D345-98AC-4F26-968D-759E66BC7A95} = {AD69E9A4-0505-4ED8-A106-A00DE4825180}
		{B339B88A-3D66-4951-9C1F-EAC920B7C5EE} = {AD69E9A4-0505-4ED8-A106-A00DE4825180}
		{A29FC091-8504-41AA-BC60-DAEAD8643A5C} = {9A88ACE1-E08A-4650-93AD-A84642F274BB}
		{1E1B5F5E-BB92-41D7-9D63-BF25C9FED83C} = {FA3B4DBA-EFD5-431A-B5F8-074975E4D91B}
		{4511B0FA-CA80-4544-A296-776A961DA86A} = {1E1B5F5E-BB92-41D7-9D63-BF25C9FED83C}
		{C831595D-E350-4A58-BF60-8CC3980E4668} = {1E1B5F5E-BB92-41D7-9D63-BF25C9FED83C}
		{8C0C69F1-D467-4922-A1CC-7556F3217F36} = {A29FC091-8504-41AA-BC60-DAEAD8643A5C}
		{23DA5E6D-291A-4477-9192-3560E304400D} = {A29FC091-8504-41AA-BC60-DAEAD8643A5C}
		{55CF777D-BDF4-4197-809A-32A380D60356} = {A29FC091-8504-41AA-BC60-DAEAD8643A5C}
		{D5319D4A-2C5B-4BD8-A02C-59B7D2916564} = {A29FC091-8504-41AA-BC60-DAEAD8643A5C}
		{52EAE081-87AF-4F07-8F82-549A4C727556} = {3F304EDC-E2D8-4A01-B168-01114FDF0335}
		{4F41FCFD-52BD-43C5-8585-070D2BE86A84} = {52EAE081-87AF-4F07-8F82-549A4C727556}
		{3323CB9A-4769-42BD-B223-7E4417E0C6D9} = {52EAE081-87AF-4F07-8F82-549A4C727556}
		{8BBDADDF-15A4-488F-A4B2-AEB76599ADDA} = {03E5D0FA-9689-4F04-A13D-290C880FD7D3}
		{B358C200-F4D7-4CD0-954F-0A1E369F2869} = {80CFA080-2AED-4B7F-B122-FC3F64648B56}
		{61AF91E7-BC41-4470-BA6D-66008990B657} = {AFA7B6D4-7EF2-493C-9A5A-27334F593269}
		{57794C1E-DCB6-43FC-A3F0-529D3CBE25AE} = {958181D5-6B06-4FBF-91B7-3CD308159362}
		{33785D9A-E039-4671-91D9-F9850585F5E4} = {57794C1E-DCB6-43FC-A3F0-529D3CBE25AE}
		{88B04135-883D-46C9-9CEB-8646B2C89E22} = {57794C1E-DCB6-43FC-A3F0-529D3CBE25AE}
		{522739EE-DA6F-471E-9585-E0CCE1D0BF58} = {57794C1E-DCB6-43FC-A3F0-529D3CBE25AE}
		{5444CE64-8C66-4602-B39F-5B5E737FCB71} = {57794C1E-DCB6-43FC-A3F0-529D3CBE25AE}
		{9F1F9517-31F6-4CCE-9130-64BA6ABAF46A} = {21241D8F-3EDF-499B-BDB4-CFEDA0313277}
		{F5461ACD-0763-4F69-ACFC-C11F83728834} = {9F1F9517-31F6-4CCE-9130-64BA6ABAF46A}
		{8D61D4C8-CA8D-43CE-8DDC-1A5D524A496E} = {B1070B92-02F2-4C2C-860F-EEE64C79B46D}
		{E76B44A6-99EC-4312-A358-1AFF9F8D4910} = {9032A52D-1BA4-41CD-9C37-00796A723861}
		{09703FCF-1AE0-4B74-8176-8ACFED916BBF} = {E76B44A6-99EC-4312-A358-1AFF9F8D4910}
		{5F18422E-F5DA-4FA6-B0E1-2C50014517BD} = {87F04A8B-494E-48FF-B82D-6B49B9429561}
		{CD2AC0EB-7FF3-4AD0-BA05-65EBDA2B8382} = {02CCCF0D-9ED0-4A02-AF3F-A7371FEBBA08}
		{777BC273-3E06-4628-9926-096057D13CA3} = {50534AAA-C040-46A2-A45D-E17398DB7A9D}
		{50534AAA-C040-46A2-A45D-E17398DB7A9D} = {C2D4FD19-7B44-416A-9421-EEA6D4BF752E}
		{9839B437-46B8-4EED-AA61-D70E597B6705} = {50534AAA-C040-46A2-A45D-E17398DB7A9D}
		{26044F2F-9EC4-4E00-BEE1-A629BE672D9E} = {9839B437-46B8-4EED-AA61-D70E597B6705}
		{AF325576-36BC-48AF-B16A-1ECBED587A65} = {1500112C-1D18-4FA4-8152-D1BC2D665C24}
		{51EDC137-1782-4248-97C0-828FDC642ABB} = {C2D4FD19-7B44-416A-9421-EEA6D4BF752E}
		{3903DCA4-86D5-471E-A522-15C9F6FAC471} = {C2D4FD19-7B44-416A-9421-EEA6D4BF752E}
		{4AF533A1-F493-4D8C-AF5D-3C41DDE4EED5} = {87F04A8B-494E-48FF-B82D-6B49B9429561}
		{0D8B93C4-DBBB-4DDD-A67C-AAFBB5A91DC0} = {C2D4FD19-7B44-416A-9421-EEA6D4BF752E}
		{8ED0BBD7-1257-4EB3-81D5-0BD0C8C10EBD} = {0D8B93C4-DBBB-4DDD-A67C-AAFBB5A91DC0}
		{BBE8749B-DC45-4F69-AD56-1B3E396D8850} = {02CCCF0D-9ED0-4A02-AF3F-A7371FEBBA08}
		{7E7EBDEA-9316-4BFF-A249-934B54F4E190} = {BBE8749B-DC45-4F69-AD56-1B3E396D8850}
		{D8FC7A34-6746-43DD-B41E-D1571C49840E} = {87F04A8B-494E-48FF-B82D-6B49B9429561}
		{93F15B0B-F2F7-47D7-AA99-FF42DFD1CA24} = {C2D4FD19-7B44-416A-9421-EEA6D4BF752E}
		{2A8F03BB-A525-4076-B594-4F699B7059CD} = {93F15B0B-F2F7-47D7-AA99-FF42DFD1CA24}
		{A0C6329D-7A4A-4CC0-A26B-BDE93C0DAD78} = {02CCCF0D-9ED0-4A02-AF3F-A7371FEBBA08}
		{9739F653-B8AD-405C-B811-5162FC17A674} = {A0C6329D-7A4A-4CC0-A26B-BDE93C0DAD78}
		{823689C2-A025-4D57-8F17-996BDAA3F997} = {02CCCF0D-9ED0-4A02-AF3F-A7371FEBBA08}
		{B4C4F5B2-61FE-4150-B050-E60FC17C2178} = {C2D4FD19-7B44-416A-9421-EEA6D4BF752E}
		{8B153EF5-041C-4C9A-AA48-55D28779E0BB} = {B4C4F5B2-61FE-4150-B050-E60FC17C2178}
		{EE91C326-DAFE-4393-8946-4B9C9268D4D6} = {823689C2-A025-4D57-8F17-996BDAA3F997}
		{A329C7B3-E00D-41FD-BAFC-8F72AC309CE6} = {02CCCF0D-9ED0-4A02-AF3F-A7371FEBBA08}
		{CE241877-2411-4764-AB92-077659CC6A95} = {87F04A8B-494E-48FF-B82D-6B49B9429561}
		{5F0A213A-CFBC-4CB4-82B9-BDDE5AC75CA2} = {1E1B5F5E-BB92-41D7-9D63-BF25C9FED83C}
		{A96F03F9-E386-4656-AE89-CFD0F3D811FC} = {A29FC091-8504-41AA-BC60-DAEAD8643A5C}
		{F3165E4A-3C21-450D-BD10-9501394C9BBA} = {52EAE081-87AF-4F07-8F82-549A4C727556}
		{79895FB9-F5BB-4CF4-8B50-A7E1197923A9} = {87F04A8B-494E-48FF-B82D-6B49B9429561}
		{055BC6C7-18AA-4AD4-A630-80976D22F01D} = {79895FB9-F5BB-4CF4-8B50-A7E1197923A9}
		{D723830C-7907-427F-AD30-8C79C0EDFE9C} = {C2D4FD19-7B44-416A-9421-EEA6D4BF752E}
		{AC629D1D-0B88-42B5-940D-9D4922A86CD2} = {D723830C-7907-427F-AD30-8C79C0EDFE9C}
		{E563C5C2-332F-4832-AE5A-2A8117A725D9} = {02CCCF0D-9ED0-4A02-AF3F-A7371FEBBA08}
		{A9781046-B869-4C29-BA30-3D4D80FE2733} = {E563C5C2-332F-4832-AE5A-2A8117A725D9}
	EndGlobalSection
	GlobalSection(ExtensibilityGlobals) = postSolution
		SolutionGuid = {6A751E6C-1C1A-4FEE-8275-65D8FEC8B542}
	EndGlobalSection
EndGlobal
